// !$*UTF8*$!
{
	archiveVersion = 1;
	classes = {
	};
	objectVersion = 46;
	objects = {

/* Begin PBXBuildFile section */
		12054BEB1B8249AF00083D6B /* ofxLaserQuadWarp.cpp in Sources */ = {isa = PBXBuildFile; fileRef = 12054BE91B8249AF00083D6B /* ofxLaserQuadWarp.cpp */; };
		1216BA881CFB787200C01DC6 /* Ship.cpp in Sources */ = {isa = PBXBuildFile; fileRef = 1216BA861CFB787200C01DC6 /* Ship.cpp */; };
		1239B5FE1CFB5D0E00818D49 /* opencv.a in Frameworks */ = {isa = PBXBuildFile; fileRef = 1239B5EB1CFB5D0E00818D49 /* opencv.a */; };
		1239B5FF1CFB5D0E00818D49 /* ofxCvColorImage.cpp in Sources */ = {isa = PBXBuildFile; fileRef = 1239B5EE1CFB5D0E00818D49 /* ofxCvColorImage.cpp */; };
		1239B6001CFB5D0E00818D49 /* ofxCvContourFinder.cpp in Sources */ = {isa = PBXBuildFile; fileRef = 1239B5F11CFB5D0E00818D49 /* ofxCvContourFinder.cpp */; };
		1239B6011CFB5D0E00818D49 /* ofxCvFloatImage.cpp in Sources */ = {isa = PBXBuildFile; fileRef = 1239B5F31CFB5D0E00818D49 /* ofxCvFloatImage.cpp */; };
		1239B6021CFB5D0E00818D49 /* ofxCvGrayscaleImage.cpp in Sources */ = {isa = PBXBuildFile; fileRef = 1239B5F51CFB5D0E00818D49 /* ofxCvGrayscaleImage.cpp */; };
		1239B6031CFB5D0E00818D49 /* ofxCvHaarFinder.cpp in Sources */ = {isa = PBXBuildFile; fileRef = 1239B5F71CFB5D0E00818D49 /* ofxCvHaarFinder.cpp */; };
		1239B6041CFB5D0E00818D49 /* ofxCvImage.cpp in Sources */ = {isa = PBXBuildFile; fileRef = 1239B5F91CFB5D0E00818D49 /* ofxCvImage.cpp */; };
		1239B6051CFB5D0E00818D49 /* ofxCvShortImage.cpp in Sources */ = {isa = PBXBuildFile; fileRef = 1239B5FB1CFB5D0E00818D49 /* ofxCvShortImage.cpp */; };
		124E236D1B8399D8009894FE /* ofxLaserManager.cpp in Sources */ = {isa = PBXBuildFile; fileRef = 124E23691B8399D8009894FE /* ofxLaserManager.cpp */; };
		126306A91E7066CC004FD7D6 /* etherdream.c in Sources */ = {isa = PBXBuildFile; fileRef = 126306A41E7066CC004FD7D6 /* etherdream.c */; };
		126306AA1E7066CC004FD7D6 /* EtherdreamDAC.cpp in Sources */ = {isa = PBXBuildFile; fileRef = 126306A61E7066CC004FD7D6 /* EtherdreamDAC.cpp */; };
		12A8B02E1CEA4B4100D5F31C /* FlappyBird.cpp in Sources */ = {isa = PBXBuildFile; fileRef = 12A8B02D1CEA4B4100D5F31C /* FlappyBird.cpp */; };
		12A8B0351CEB4FC400D5F31C /* TextWriter.cpp in Sources */ = {isa = PBXBuildFile; fileRef = 12A8B0321CEB4FC400D5F31C /* TextWriter.cpp */; };
		12A8B0431CEB5B8400D5F31C /* src_colors.cpp in Sources */ = {isa = PBXBuildFile; fileRef = 12A8B03A1CEB5B8400D5F31C /* src_colors.cpp */; };
		12A8B0441CEB5B8400D5F31C /* svgtiny.cpp in Sources */ = {isa = PBXBuildFile; fileRef = 12A8B03B1CEB5B8400D5F31C /* svgtiny.cpp */; };
		12A8B0451CEB5B8400D5F31C /* svgtiny_gradient.cpp in Sources */ = {isa = PBXBuildFile; fileRef = 12A8B03D1CEB5B8400D5F31C /* svgtiny_gradient.cpp */; };
		12A8B0461CEB5B8400D5F31C /* svgtiny_list.cpp in Sources */ = {isa = PBXBuildFile; fileRef = 12A8B03F1CEB5B8400D5F31C /* svgtiny_list.cpp */; };
		12A8B0471CEB5B8400D5F31C /* ofxSvg.cpp in Sources */ = {isa = PBXBuildFile; fileRef = 12A8B0411CEB5B8400D5F31C /* ofxSvg.cpp */; };
		12C665C81E6483850016DAC6 /* ofxLaserPolyline.cpp in Sources */ = {isa = PBXBuildFile; fileRef = 12C665C71E6483850016DAC6 /* ofxLaserPolyline.cpp */; };
		12FD1B661CFB4D1F00AB622C /* Asteroids.cpp in Sources */ = {isa = PBXBuildFile; fileRef = 12FD1B651CFB4D1F00AB622C /* Asteroids.cpp */; };
		12FD1B691CFB4DCA00AB622C /* Bullet.cpp in Sources */ = {isa = PBXBuildFile; fileRef = 12FD1B671CFB4DCA00AB622C /* Bullet.cpp */; };
		12FD1B6E1CFB4EAF00AB622C /* Asteroid.cpp in Sources */ = {isa = PBXBuildFile; fileRef = 12FD1B6D1CFB4EAF00AB622C /* Asteroid.cpp */; };
		1CD33E884D9E3358252E82A1 /* ofxToggle.cpp in Sources */ = {isa = PBXBuildFile; fileRef = 907C5B5E104864A2D3A25745 /* ofxToggle.cpp */; };
		483908258D00B98B4BE69F07 /* ofxLabel.cpp in Sources */ = {isa = PBXBuildFile; fileRef = 78D67A00EB899FAC09430597 /* ofxLabel.cpp */; };
		5A4349E9754D6FA14C0F2A3A /* tinyxmlparser.cpp in Sources */ = {isa = PBXBuildFile; fileRef = FC5DA1C87211D4F6377DA719 /* tinyxmlparser.cpp */; };
		5CBB2AB3A60F65431D7B555D /* ofxButton.cpp in Sources */ = {isa = PBXBuildFile; fileRef = C88333E71C9457E441C33474 /* ofxButton.cpp */; };
		63B57AC5BF4EF088491E0317 /* ofxXmlSettings.cpp in Sources */ = {isa = PBXBuildFile; fileRef = 50DF87D612C5AAE17AAFA6C0 /* ofxXmlSettings.cpp */; };
		837220E80EB56CD44AD27F2A /* ofxSlider.cpp in Sources */ = {isa = PBXBuildFile; fileRef = 15F2C6477A769C03A56D1401 /* ofxSlider.cpp */; };
		856AA354D08AB4B323081444 /* ofxBaseGui.cpp in Sources */ = {isa = PBXBuildFile; fileRef = 9604B925D32EE39065747725 /* ofxBaseGui.cpp */; };
		933A2227713C720CEFF80FD9 /* tinyxml.cpp in Sources */ = {isa = PBXBuildFile; fileRef = 2B40EDA85BEB63E46785BC29 /* tinyxml.cpp */; };
		9D44DC88EF9E7991B4A09951 /* tinyxmlerror.cpp in Sources */ = {isa = PBXBuildFile; fileRef = 832BDC407620CDBA568B713D /* tinyxmlerror.cpp */; };
		B266578FC55D23BFEBC042E7 /* ofxGuiGroup.cpp in Sources */ = {isa = PBXBuildFile; fileRef = ECF8674C7975F1063C5E30CA /* ofxGuiGroup.cpp */; };
		B56FE57CC35806596D38118C /* ofxSliderGroup.cpp in Sources */ = {isa = PBXBuildFile; fileRef = 802251BAF1B35B1D67B32FD0 /* ofxSliderGroup.cpp */; };
		BBAB23CB13894F3D00AA2426 /* GLUT.framework in CopyFiles */ = {isa = PBXBuildFile; fileRef = BBAB23BE13894E4700AA2426 /* GLUT.framework */; };
		E4328149138ABC9F0047C5CB /* openFrameworksDebug.a in Frameworks */ = {isa = PBXBuildFile; fileRef = E4328148138ABC890047C5CB /* openFrameworksDebug.a */; };
		E45BE97B0E8CC7DD009D7055 /* AGL.framework in Frameworks */ = {isa = PBXBuildFile; fileRef = E45BE9710E8CC7DD009D7055 /* AGL.framework */; };
		E45BE97C0E8CC7DD009D7055 /* ApplicationServices.framework in Frameworks */ = {isa = PBXBuildFile; fileRef = E45BE9720E8CC7DD009D7055 /* ApplicationServices.framework */; };
		E45BE97D0E8CC7DD009D7055 /* AudioToolbox.framework in Frameworks */ = {isa = PBXBuildFile; fileRef = E45BE9730E8CC7DD009D7055 /* AudioToolbox.framework */; };
		E45BE97F0E8CC7DD009D7055 /* CoreAudio.framework in Frameworks */ = {isa = PBXBuildFile; fileRef = E45BE9750E8CC7DD009D7055 /* CoreAudio.framework */; };
		E45BE9800E8CC7DD009D7055 /* CoreFoundation.framework in Frameworks */ = {isa = PBXBuildFile; fileRef = E45BE9760E8CC7DD009D7055 /* CoreFoundation.framework */; };
		E45BE9810E8CC7DD009D7055 /* CoreServices.framework in Frameworks */ = {isa = PBXBuildFile; fileRef = E45BE9770E8CC7DD009D7055 /* CoreServices.framework */; };
		E45BE9830E8CC7DD009D7055 /* OpenGL.framework in Frameworks */ = {isa = PBXBuildFile; fileRef = E45BE9790E8CC7DD009D7055 /* OpenGL.framework */; };
		E45BE9840E8CC7DD009D7055 /* QuickTime.framework in Frameworks */ = {isa = PBXBuildFile; fileRef = E45BE97A0E8CC7DD009D7055 /* QuickTime.framework */; };
		E4B69E200A3A1BDC003C02F2 /* main.cpp in Sources */ = {isa = PBXBuildFile; fileRef = E4B69E1D0A3A1BDC003C02F2 /* main.cpp */; };
		E4B69E210A3A1BDC003C02F2 /* ofApp.cpp in Sources */ = {isa = PBXBuildFile; fileRef = E4B69E1E0A3A1BDC003C02F2 /* ofApp.cpp */; };
		E4C2424710CC5A17004149E2 /* AppKit.framework in Frameworks */ = {isa = PBXBuildFile; fileRef = E4C2424410CC5A17004149E2 /* AppKit.framework */; };
		E4C2424810CC5A17004149E2 /* Cocoa.framework in Frameworks */ = {isa = PBXBuildFile; fileRef = E4C2424510CC5A17004149E2 /* Cocoa.framework */; };
		E4C2424910CC5A17004149E2 /* IOKit.framework in Frameworks */ = {isa = PBXBuildFile; fileRef = E4C2424610CC5A17004149E2 /* IOKit.framework */; };
		E4EB6799138ADC1D00A09F29 /* GLUT.framework in Frameworks */ = {isa = PBXBuildFile; fileRef = BBAB23BE13894E4700AA2426 /* GLUT.framework */; };
		E7E077E515D3B63C0020DFD4 /* CoreVideo.framework in Frameworks */ = {isa = PBXBuildFile; fileRef = E7E077E415D3B63C0020DFD4 /* CoreVideo.framework */; };
		E7E077E815D3B6510020DFD4 /* QTKit.framework in Frameworks */ = {isa = PBXBuildFile; fileRef = E7E077E715D3B6510020DFD4 /* QTKit.framework */; };
		E7F985F815E0DEA3003869B5 /* Accelerate.framework in Frameworks */ = {isa = PBXBuildFile; fileRef = E7F985F515E0DE99003869B5 /* Accelerate.framework */; };
		F285EB3169F1566CA3D93C20 /* ofxPanel.cpp in Sources */ = {isa = PBXBuildFile; fileRef = E112B3AEBEA2C091BF2B40AE /* ofxPanel.cpp */; };
/* End PBXBuildFile section */

/* Begin PBXContainerItemProxy section */
		E4328147138ABC890047C5CB /* PBXContainerItemProxy */ = {
			isa = PBXContainerItemProxy;
			containerPortal = E4328143138ABC890047C5CB /* openFrameworksLib.xcodeproj */;
			proxyType = 2;
			remoteGlobalIDString = E4B27C1510CBEB8E00536013;
			remoteInfo = openFrameworks;
		};
		E4EEB9AB138B136A00A80321 /* PBXContainerItemProxy */ = {
			isa = PBXContainerItemProxy;
			containerPortal = E4328143138ABC890047C5CB /* openFrameworksLib.xcodeproj */;
			proxyType = 1;
			remoteGlobalIDString = E4B27C1410CBEB8E00536013;
			remoteInfo = openFrameworks;
		};
/* End PBXContainerItemProxy section */

/* Begin PBXCopyFilesBuildPhase section */
		E4C2427710CC5ABF004149E2 /* CopyFiles */ = {
			isa = PBXCopyFilesBuildPhase;
			buildActionMask = 2147483647;
			dstPath = "";
			dstSubfolderSpec = 10;
			files = (
				BBAB23CB13894F3D00AA2426 /* GLUT.framework in CopyFiles */,
			);
			runOnlyForDeploymentPostprocessing = 0;
		};
/* End PBXCopyFilesBuildPhase section */

/* Begin PBXFileReference section */
		01DCC0911400F9ACF5B65578 /* ofxXmlSettings.h */ = {isa = PBXFileReference; explicitFileType = sourcecode.c.h; fileEncoding = 30; name = ofxXmlSettings.h; path = ../../ofxXmlSettings/src/ofxXmlSettings.h; sourceTree = SOURCE_ROOT; };
		0A1DAC09F322AE313A40706D /* ofxToggle.h */ = {isa = PBXFileReference; explicitFileType = sourcecode.c.h; fileEncoding = 30; name = ofxToggle.h; path = ../../ofxGui/src/ofxToggle.h; sourceTree = SOURCE_ROOT; };
		12054BE91B8249AF00083D6B /* ofxLaserQuadWarp.cpp */ = {isa = PBXFileReference; fileEncoding = 4; lastKnownFileType = sourcecode.cpp.cpp; path = ofxLaserQuadWarp.cpp; sourceTree = "<group>"; };
		12054BEA1B8249AF00083D6B /* ofxLaserQuadWarp.h */ = {isa = PBXFileReference; fileEncoding = 4; lastKnownFileType = sourcecode.c.h; path = ofxLaserQuadWarp.h; sourceTree = "<group>"; };
		12054BED1B824A7000083D6B /* ofxLaserDragHandle.h */ = {isa = PBXFileReference; fileEncoding = 4; lastKnownFileType = sourcecode.c.h; path = ofxLaserDragHandle.h; sourceTree = "<group>"; };
		1216BA861CFB787200C01DC6 /* Ship.cpp */ = {isa = PBXFileReference; fileEncoding = 4; lastKnownFileType = sourcecode.cpp.cpp; path = Ship.cpp; sourceTree = "<group>"; };
		1216BA871CFB787200C01DC6 /* Ship.h */ = {isa = PBXFileReference; fileEncoding = 4; lastKnownFileType = sourcecode.c.h; path = Ship.h; sourceTree = "<group>"; };
		121717CF1B87784E0032DF72 /* ofxIldaPoint.h */ = {isa = PBXFileReference; fileEncoding = 4; lastKnownFileType = sourcecode.c.h; path = ofxIldaPoint.h; sourceTree = "<group>"; };
		123044ED1CE794870032767F /* Asteroids.h */ = {isa = PBXFileReference; lastKnownFileType = sourcecode.c.h; path = Asteroids.h; sourceTree = "<group>"; };
		123044EF1CE906AC0032767F /* FlappyBird.h */ = {isa = PBXFileReference; fileEncoding = 4; lastKnownFileType = sourcecode.c.h; path = FlappyBird.h; sourceTree = "<group>"; };
		1239B5841CFB5D0D00818D49 /* addon_config.mk */ = {isa = PBXFileReference; fileEncoding = 4; lastKnownFileType = text; path = addon_config.mk; sourceTree = "<group>"; };
		1239B5891CFB5D0D00818D49 /* cv.h */ = {isa = PBXFileReference; fileEncoding = 4; lastKnownFileType = sourcecode.c.h; path = cv.h; sourceTree = "<group>"; };
		1239B58A1CFB5D0D00818D49 /* cv.hpp */ = {isa = PBXFileReference; fileEncoding = 4; lastKnownFileType = sourcecode.cpp.h; path = cv.hpp; sourceTree = "<group>"; };
		1239B58B1CFB5D0D00818D49 /* cvaux.h */ = {isa = PBXFileReference; fileEncoding = 4; lastKnownFileType = sourcecode.c.h; path = cvaux.h; sourceTree = "<group>"; };
		1239B58C1CFB5D0D00818D49 /* cvaux.hpp */ = {isa = PBXFileReference; fileEncoding = 4; lastKnownFileType = sourcecode.cpp.h; path = cvaux.hpp; sourceTree = "<group>"; };
		1239B58D1CFB5D0D00818D49 /* cvwimage.h */ = {isa = PBXFileReference; fileEncoding = 4; lastKnownFileType = sourcecode.c.h; path = cvwimage.h; sourceTree = "<group>"; };
		1239B58E1CFB5D0D00818D49 /* cxcore.h */ = {isa = PBXFileReference; fileEncoding = 4; lastKnownFileType = sourcecode.c.h; path = cxcore.h; sourceTree = "<group>"; };
		1239B58F1CFB5D0D00818D49 /* cxcore.hpp */ = {isa = PBXFileReference; fileEncoding = 4; lastKnownFileType = sourcecode.cpp.h; path = cxcore.hpp; sourceTree = "<group>"; };
		1239B5901CFB5D0D00818D49 /* cxeigen.hpp */ = {isa = PBXFileReference; fileEncoding = 4; lastKnownFileType = sourcecode.cpp.h; path = cxeigen.hpp; sourceTree = "<group>"; };
		1239B5911CFB5D0D00818D49 /* cxmisc.h */ = {isa = PBXFileReference; fileEncoding = 4; lastKnownFileType = sourcecode.c.h; path = cxmisc.h; sourceTree = "<group>"; };
		1239B5921CFB5D0D00818D49 /* highgui.h */ = {isa = PBXFileReference; fileEncoding = 4; lastKnownFileType = sourcecode.c.h; path = highgui.h; sourceTree = "<group>"; };
		1239B5931CFB5D0D00818D49 /* ml.h */ = {isa = PBXFileReference; fileEncoding = 4; lastKnownFileType = sourcecode.c.h; path = ml.h; sourceTree = "<group>"; };
		1239B5961CFB5D0D00818D49 /* calib3d.hpp */ = {isa = PBXFileReference; fileEncoding = 4; lastKnownFileType = sourcecode.cpp.h; path = calib3d.hpp; sourceTree = "<group>"; };
		1239B5981CFB5D0D00818D49 /* contrib.hpp */ = {isa = PBXFileReference; fileEncoding = 4; lastKnownFileType = sourcecode.cpp.h; path = contrib.hpp; sourceTree = "<group>"; };
		1239B5991CFB5D0D00818D49 /* retina.hpp */ = {isa = PBXFileReference; fileEncoding = 4; lastKnownFileType = sourcecode.cpp.h; path = retina.hpp; sourceTree = "<group>"; };
		1239B59B1CFB5D0D00818D49 /* core.hpp */ = {isa = PBXFileReference; fileEncoding = 4; lastKnownFileType = sourcecode.cpp.h; path = core.hpp; sourceTree = "<group>"; };
		1239B59C1CFB5D0D00818D49 /* core_c.h */ = {isa = PBXFileReference; fileEncoding = 4; lastKnownFileType = sourcecode.c.h; path = core_c.h; sourceTree = "<group>"; };
		1239B59D1CFB5D0D00818D49 /* eigen.hpp */ = {isa = PBXFileReference; fileEncoding = 4; lastKnownFileType = sourcecode.cpp.h; path = eigen.hpp; sourceTree = "<group>"; };
		1239B59E1CFB5D0D00818D49 /* internal.hpp */ = {isa = PBXFileReference; fileEncoding = 4; lastKnownFileType = sourcecode.cpp.h; path = internal.hpp; sourceTree = "<group>"; };
		1239B59F1CFB5D0D00818D49 /* mat.hpp */ = {isa = PBXFileReference; fileEncoding = 4; lastKnownFileType = sourcecode.cpp.h; path = mat.hpp; sourceTree = "<group>"; };
		1239B5A01CFB5D0D00818D49 /* operations.hpp */ = {isa = PBXFileReference; fileEncoding = 4; lastKnownFileType = sourcecode.cpp.h; path = operations.hpp; sourceTree = "<group>"; };
		1239B5A11CFB5D0D00818D49 /* types_c.h */ = {isa = PBXFileReference; fileEncoding = 4; lastKnownFileType = sourcecode.c.h; path = types_c.h; sourceTree = "<group>"; };
		1239B5A21CFB5D0D00818D49 /* version.hpp */ = {isa = PBXFileReference; fileEncoding = 4; lastKnownFileType = sourcecode.cpp.h; path = version.hpp; sourceTree = "<group>"; };
		1239B5A31CFB5D0D00818D49 /* wimage.hpp */ = {isa = PBXFileReference; fileEncoding = 4; lastKnownFileType = sourcecode.cpp.h; path = wimage.hpp; sourceTree = "<group>"; };
		1239B5A51CFB5D0D00818D49 /* features2d.hpp */ = {isa = PBXFileReference; fileEncoding = 4; lastKnownFileType = sourcecode.cpp.h; path = features2d.hpp; sourceTree = "<group>"; };
		1239B5A71CFB5D0D00818D49 /* all_indices.h */ = {isa = PBXFileReference; fileEncoding = 4; lastKnownFileType = sourcecode.c.h; path = all_indices.h; sourceTree = "<group>"; };
		1239B5A81CFB5D0D00818D49 /* allocator.h */ = {isa = PBXFileReference; fileEncoding = 4; lastKnownFileType = sourcecode.c.h; path = allocator.h; sourceTree = "<group>"; };
		1239B5A91CFB5D0D00818D49 /* any.h */ = {isa = PBXFileReference; fileEncoding = 4; lastKnownFileType = sourcecode.c.h; path = any.h; sourceTree = "<group>"; };
		1239B5AA1CFB5D0D00818D49 /* autotuned_index.h */ = {isa = PBXFileReference; fileEncoding = 4; lastKnownFileType = sourcecode.c.h; path = autotuned_index.h; sourceTree = "<group>"; };
		1239B5AB1CFB5D0D00818D49 /* composite_index.h */ = {isa = PBXFileReference; fileEncoding = 4; lastKnownFileType = sourcecode.c.h; path = composite_index.h; sourceTree = "<group>"; };
		1239B5AC1CFB5D0D00818D49 /* config.h */ = {isa = PBXFileReference; fileEncoding = 4; lastKnownFileType = sourcecode.c.h; path = config.h; sourceTree = "<group>"; };
		1239B5AD1CFB5D0D00818D49 /* defines.h */ = {isa = PBXFileReference; fileEncoding = 4; lastKnownFileType = sourcecode.c.h; path = defines.h; sourceTree = "<group>"; };
		1239B5AE1CFB5D0D00818D49 /* dist.h */ = {isa = PBXFileReference; fileEncoding = 4; lastKnownFileType = sourcecode.c.h; path = dist.h; sourceTree = "<group>"; };
		1239B5AF1CFB5D0D00818D49 /* dummy.h */ = {isa = PBXFileReference; fileEncoding = 4; lastKnownFileType = sourcecode.c.h; path = dummy.h; sourceTree = "<group>"; };
		1239B5B01CFB5D0D00818D49 /* dynamic_bitset.h */ = {isa = PBXFileReference; fileEncoding = 4; lastKnownFileType = sourcecode.c.h; path = dynamic_bitset.h; sourceTree = "<group>"; };
		1239B5B11CFB5D0D00818D49 /* flann.hpp */ = {isa = PBXFileReference; fileEncoding = 4; lastKnownFileType = sourcecode.cpp.h; path = flann.hpp; sourceTree = "<group>"; };
		1239B5B21CFB5D0D00818D49 /* flann_base.hpp */ = {isa = PBXFileReference; fileEncoding = 4; lastKnownFileType = sourcecode.cpp.h; path = flann_base.hpp; sourceTree = "<group>"; };
		1239B5B31CFB5D0D00818D49 /* general.h */ = {isa = PBXFileReference; fileEncoding = 4; lastKnownFileType = sourcecode.c.h; path = general.h; sourceTree = "<group>"; };
		1239B5B41CFB5D0D00818D49 /* ground_truth.h */ = {isa = PBXFileReference; fileEncoding = 4; lastKnownFileType = sourcecode.c.h; path = ground_truth.h; sourceTree = "<group>"; };
		1239B5B51CFB5D0D00818D49 /* hdf5.h */ = {isa = PBXFileReference; fileEncoding = 4; lastKnownFileType = sourcecode.c.h; path = hdf5.h; sourceTree = "<group>"; };
		1239B5B61CFB5D0D00818D49 /* heap.h */ = {isa = PBXFileReference; fileEncoding = 4; lastKnownFileType = sourcecode.c.h; path = heap.h; sourceTree = "<group>"; };
		1239B5B71CFB5D0D00818D49 /* hierarchical_clustering_index.h */ = {isa = PBXFileReference; fileEncoding = 4; lastKnownFileType = sourcecode.c.h; path = hierarchical_clustering_index.h; sourceTree = "<group>"; };
		1239B5B81CFB5D0D00818D49 /* index_testing.h */ = {isa = PBXFileReference; fileEncoding = 4; lastKnownFileType = sourcecode.c.h; path = index_testing.h; sourceTree = "<group>"; };
		1239B5B91CFB5D0D00818D49 /* kdtree_index.h */ = {isa = PBXFileReference; fileEncoding = 4; lastKnownFileType = sourcecode.c.h; path = kdtree_index.h; sourceTree = "<group>"; };
		1239B5BA1CFB5D0D00818D49 /* kdtree_single_index.h */ = {isa = PBXFileReference; fileEncoding = 4; lastKnownFileType = sourcecode.c.h; path = kdtree_single_index.h; sourceTree = "<group>"; };
		1239B5BB1CFB5D0D00818D49 /* kmeans_index.h */ = {isa = PBXFileReference; fileEncoding = 4; lastKnownFileType = sourcecode.c.h; path = kmeans_index.h; sourceTree = "<group>"; };
		1239B5BC1CFB5D0D00818D49 /* linear_index.h */ = {isa = PBXFileReference; fileEncoding = 4; lastKnownFileType = sourcecode.c.h; path = linear_index.h; sourceTree = "<group>"; };
		1239B5BD1CFB5D0D00818D49 /* logger.h */ = {isa = PBXFileReference; fileEncoding = 4; lastKnownFileType = sourcecode.c.h; path = logger.h; sourceTree = "<group>"; };
		1239B5BE1CFB5D0D00818D49 /* lsh_index.h */ = {isa = PBXFileReference; fileEncoding = 4; lastKnownFileType = sourcecode.c.h; path = lsh_index.h; sourceTree = "<group>"; };
		1239B5BF1CFB5D0D00818D49 /* lsh_table.h */ = {isa = PBXFileReference; fileEncoding = 4; lastKnownFileType = sourcecode.c.h; path = lsh_table.h; sourceTree = "<group>"; };
		1239B5C01CFB5D0D00818D49 /* matrix.h */ = {isa = PBXFileReference; fileEncoding = 4; lastKnownFileType = sourcecode.c.h; path = matrix.h; sourceTree = "<group>"; };
		1239B5C11CFB5D0D00818D49 /* miniflann.hpp */ = {isa = PBXFileReference; fileEncoding = 4; lastKnownFileType = sourcecode.cpp.h; path = miniflann.hpp; sourceTree = "<group>"; };
		1239B5C21CFB5D0D00818D49 /* nn_index.h */ = {isa = PBXFileReference; fileEncoding = 4; lastKnownFileType = sourcecode.c.h; path = nn_index.h; sourceTree = "<group>"; };
		1239B5C31CFB5D0D00818D49 /* object_factory.h */ = {isa = PBXFileReference; fileEncoding = 4; lastKnownFileType = sourcecode.c.h; path = object_factory.h; sourceTree = "<group>"; };
		1239B5C41CFB5D0D00818D49 /* params.h */ = {isa = PBXFileReference; fileEncoding = 4; lastKnownFileType = sourcecode.c.h; path = params.h; sourceTree = "<group>"; };
		1239B5C51CFB5D0D00818D49 /* random.h */ = {isa = PBXFileReference; fileEncoding = 4; lastKnownFileType = sourcecode.c.h; path = random.h; sourceTree = "<group>"; };
		1239B5C61CFB5D0D00818D49 /* result_set.h */ = {isa = PBXFileReference; fileEncoding = 4; lastKnownFileType = sourcecode.c.h; path = result_set.h; sourceTree = "<group>"; };
		1239B5C71CFB5D0D00818D49 /* sampling.h */ = {isa = PBXFileReference; fileEncoding = 4; lastKnownFileType = sourcecode.c.h; path = sampling.h; sourceTree = "<group>"; };
		1239B5C81CFB5D0D00818D49 /* saving.h */ = {isa = PBXFileReference; fileEncoding = 4; lastKnownFileType = sourcecode.c.h; path = saving.h; sourceTree = "<group>"; };
		1239B5C91CFB5D0D00818D49 /* simplex_downhill.h */ = {isa = PBXFileReference; fileEncoding = 4; lastKnownFileType = sourcecode.c.h; path = simplex_downhill.h; sourceTree = "<group>"; };
		1239B5CA1CFB5D0D00818D49 /* timer.h */ = {isa = PBXFileReference; fileEncoding = 4; lastKnownFileType = sourcecode.c.h; path = timer.h; sourceTree = "<group>"; };
		1239B5CC1CFB5D0D00818D49 /* devmem2d.hpp */ = {isa = PBXFileReference; fileEncoding = 4; lastKnownFileType = sourcecode.cpp.h; path = devmem2d.hpp; sourceTree = "<group>"; };
		1239B5CD1CFB5D0D00818D49 /* gpu.hpp */ = {isa = PBXFileReference; fileEncoding = 4; lastKnownFileType = sourcecode.cpp.h; path = gpu.hpp; sourceTree = "<group>"; };
		1239B5CE1CFB5D0D00818D49 /* gpumat.hpp */ = {isa = PBXFileReference; fileEncoding = 4; lastKnownFileType = sourcecode.cpp.h; path = gpumat.hpp; sourceTree = "<group>"; };
		1239B5CF1CFB5D0D00818D49 /* matrix_operations.hpp */ = {isa = PBXFileReference; fileEncoding = 4; lastKnownFileType = sourcecode.cpp.h; path = matrix_operations.hpp; sourceTree = "<group>"; };
		1239B5D01CFB5D0D00818D49 /* stream_accessor.hpp */ = {isa = PBXFileReference; fileEncoding = 4; lastKnownFileType = sourcecode.cpp.h; path = stream_accessor.hpp; sourceTree = "<group>"; };
		1239B5D21CFB5D0D00818D49 /* highgui.hpp */ = {isa = PBXFileReference; fileEncoding = 4; lastKnownFileType = sourcecode.cpp.h; path = highgui.hpp; sourceTree = "<group>"; };
		1239B5D31CFB5D0D00818D49 /* highgui_c.h */ = {isa = PBXFileReference; fileEncoding = 4; lastKnownFileType = sourcecode.c.h; path = highgui_c.h; sourceTree = "<group>"; };
		1239B5D51CFB5D0D00818D49 /* imgproc.hpp */ = {isa = PBXFileReference; fileEncoding = 4; lastKnownFileType = sourcecode.cpp.h; path = imgproc.hpp; sourceTree = "<group>"; };
		1239B5D61CFB5D0D00818D49 /* imgproc_c.h */ = {isa = PBXFileReference; fileEncoding = 4; lastKnownFileType = sourcecode.c.h; path = imgproc_c.h; sourceTree = "<group>"; };
		1239B5D71CFB5D0D00818D49 /* types_c.h */ = {isa = PBXFileReference; fileEncoding = 4; lastKnownFileType = sourcecode.c.h; path = types_c.h; sourceTree = "<group>"; };
		1239B5D91CFB5D0D00818D49 /* blobtrack.hpp */ = {isa = PBXFileReference; fileEncoding = 4; lastKnownFileType = sourcecode.cpp.h; path = blobtrack.hpp; sourceTree = "<group>"; };
		1239B5DA1CFB5D0D00818D49 /* compat.hpp */ = {isa = PBXFileReference; fileEncoding = 4; lastKnownFileType = sourcecode.cpp.h; path = compat.hpp; sourceTree = "<group>"; };
		1239B5DB1CFB5D0D00818D49 /* legacy.hpp */ = {isa = PBXFileReference; fileEncoding = 4; lastKnownFileType = sourcecode.cpp.h; path = legacy.hpp; sourceTree = "<group>"; };
		1239B5DC1CFB5D0D00818D49 /* streams.hpp */ = {isa = PBXFileReference; fileEncoding = 4; lastKnownFileType = sourcecode.cpp.h; path = streams.hpp; sourceTree = "<group>"; };
		1239B5DE1CFB5D0D00818D49 /* ml.hpp */ = {isa = PBXFileReference; fileEncoding = 4; lastKnownFileType = sourcecode.cpp.h; path = ml.hpp; sourceTree = "<group>"; };
		1239B5E01CFB5D0D00818D49 /* objdetect.hpp */ = {isa = PBXFileReference; fileEncoding = 4; lastKnownFileType = sourcecode.cpp.h; path = objdetect.hpp; sourceTree = "<group>"; };
		1239B5E11CFB5D0D00818D49 /* opencv.hpp */ = {isa = PBXFileReference; fileEncoding = 4; lastKnownFileType = sourcecode.cpp.h; path = opencv.hpp; sourceTree = "<group>"; };
		1239B5E31CFB5D0E00818D49 /* ts.hpp */ = {isa = PBXFileReference; fileEncoding = 4; lastKnownFileType = sourcecode.cpp.h; path = ts.hpp; sourceTree = "<group>"; };
		1239B5E41CFB5D0E00818D49 /* ts_gtest.h */ = {isa = PBXFileReference; fileEncoding = 4; lastKnownFileType = sourcecode.c.h; path = ts_gtest.h; sourceTree = "<group>"; };
		1239B5E61CFB5D0E00818D49 /* background_segm.hpp */ = {isa = PBXFileReference; fileEncoding = 4; lastKnownFileType = sourcecode.cpp.h; path = background_segm.hpp; sourceTree = "<group>"; };
		1239B5E71CFB5D0E00818D49 /* tracking.hpp */ = {isa = PBXFileReference; fileEncoding = 4; lastKnownFileType = sourcecode.cpp.h; path = tracking.hpp; sourceTree = "<group>"; };
		1239B5E81CFB5D0E00818D49 /* video.hpp */ = {isa = PBXFileReference; fileEncoding = 4; lastKnownFileType = sourcecode.cpp.h; path = video.hpp; sourceTree = "<group>"; };
		1239B5EB1CFB5D0E00818D49 /* opencv.a */ = {isa = PBXFileReference; lastKnownFileType = archive.ar; path = opencv.a; sourceTree = "<group>"; };
		1239B5ED1CFB5D0E00818D49 /* ofxCvBlob.h */ = {isa = PBXFileReference; fileEncoding = 4; lastKnownFileType = sourcecode.c.h; path = ofxCvBlob.h; sourceTree = "<group>"; };
		1239B5EE1CFB5D0E00818D49 /* ofxCvColorImage.cpp */ = {isa = PBXFileReference; fileEncoding = 4; lastKnownFileType = sourcecode.cpp.cpp; path = ofxCvColorImage.cpp; sourceTree = "<group>"; };
		1239B5EF1CFB5D0E00818D49 /* ofxCvColorImage.h */ = {isa = PBXFileReference; fileEncoding = 4; lastKnownFileType = sourcecode.c.h; path = ofxCvColorImage.h; sourceTree = "<group>"; };
		1239B5F01CFB5D0E00818D49 /* ofxCvConstants.h */ = {isa = PBXFileReference; fileEncoding = 4; lastKnownFileType = sourcecode.c.h; path = ofxCvConstants.h; sourceTree = "<group>"; };
		1239B5F11CFB5D0E00818D49 /* ofxCvContourFinder.cpp */ = {isa = PBXFileReference; fileEncoding = 4; lastKnownFileType = sourcecode.cpp.cpp; path = ofxCvContourFinder.cpp; sourceTree = "<group>"; };
		1239B5F21CFB5D0E00818D49 /* ofxCvContourFinder.h */ = {isa = PBXFileReference; fileEncoding = 4; lastKnownFileType = sourcecode.c.h; path = ofxCvContourFinder.h; sourceTree = "<group>"; };
		1239B5F31CFB5D0E00818D49 /* ofxCvFloatImage.cpp */ = {isa = PBXFileReference; fileEncoding = 4; lastKnownFileType = sourcecode.cpp.cpp; path = ofxCvFloatImage.cpp; sourceTree = "<group>"; };
		1239B5F41CFB5D0E00818D49 /* ofxCvFloatImage.h */ = {isa = PBXFileReference; fileEncoding = 4; lastKnownFileType = sourcecode.c.h; path = ofxCvFloatImage.h; sourceTree = "<group>"; };
		1239B5F51CFB5D0E00818D49 /* ofxCvGrayscaleImage.cpp */ = {isa = PBXFileReference; fileEncoding = 4; lastKnownFileType = sourcecode.cpp.cpp; path = ofxCvGrayscaleImage.cpp; sourceTree = "<group>"; };
		1239B5F61CFB5D0E00818D49 /* ofxCvGrayscaleImage.h */ = {isa = PBXFileReference; fileEncoding = 4; lastKnownFileType = sourcecode.c.h; path = ofxCvGrayscaleImage.h; sourceTree = "<group>"; };
		1239B5F71CFB5D0E00818D49 /* ofxCvHaarFinder.cpp */ = {isa = PBXFileReference; fileEncoding = 4; lastKnownFileType = sourcecode.cpp.cpp; path = ofxCvHaarFinder.cpp; sourceTree = "<group>"; };
		1239B5F81CFB5D0E00818D49 /* ofxCvHaarFinder.h */ = {isa = PBXFileReference; fileEncoding = 4; lastKnownFileType = sourcecode.c.h; path = ofxCvHaarFinder.h; sourceTree = "<group>"; };
		1239B5F91CFB5D0E00818D49 /* ofxCvImage.cpp */ = {isa = PBXFileReference; fileEncoding = 4; lastKnownFileType = sourcecode.cpp.cpp; path = ofxCvImage.cpp; sourceTree = "<group>"; };
		1239B5FA1CFB5D0E00818D49 /* ofxCvImage.h */ = {isa = PBXFileReference; fileEncoding = 4; lastKnownFileType = sourcecode.c.h; path = ofxCvImage.h; sourceTree = "<group>"; };
		1239B5FB1CFB5D0E00818D49 /* ofxCvShortImage.cpp */ = {isa = PBXFileReference; fileEncoding = 4; lastKnownFileType = sourcecode.cpp.cpp; path = ofxCvShortImage.cpp; sourceTree = "<group>"; };
		1239B5FC1CFB5D0E00818D49 /* ofxCvShortImage.h */ = {isa = PBXFileReference; fileEncoding = 4; lastKnownFileType = sourcecode.c.h; path = ofxCvShortImage.h; sourceTree = "<group>"; };
		1239B5FD1CFB5D0E00818D49 /* ofxOpenCv.h */ = {isa = PBXFileReference; fileEncoding = 4; lastKnownFileType = sourcecode.c.h; path = ofxOpenCv.h; sourceTree = "<group>"; };
		124E23661B8399D8009894FE /* ofxLaserCircle.h */ = {isa = PBXFileReference; fileEncoding = 4; lastKnownFileType = sourcecode.c.h; path = ofxLaserCircle.h; sourceTree = "<group>"; };
		124E23671B8399D8009894FE /* ofxLaserDot.h */ = {isa = PBXFileReference; fileEncoding = 4; lastKnownFileType = sourcecode.c.h; path = ofxLaserDot.h; sourceTree = "<group>"; };
		124E23681B8399D8009894FE /* ofxLaserLine.h */ = {isa = PBXFileReference; fileEncoding = 4; lastKnownFileType = sourcecode.c.h; path = ofxLaserLine.h; sourceTree = "<group>"; };
		124E23691B8399D8009894FE /* ofxLaserManager.cpp */ = {isa = PBXFileReference; fileEncoding = 4; lastKnownFileType = sourcecode.cpp.cpp; path = ofxLaserManager.cpp; sourceTree = "<group>"; };
		124E236A1B8399D8009894FE /* ofxLaserManager.h */ = {isa = PBXFileReference; fileEncoding = 4; lastKnownFileType = sourcecode.c.h; path = ofxLaserManager.h; sourceTree = "<group>"; };
		124E236B1B8399D8009894FE /* ofxLaserPolyline.h */ = {isa = PBXFileReference; fileEncoding = 4; lastKnownFileType = sourcecode.c.h; path = ofxLaserPolyline.h; sourceTree = "<group>"; };
		124E236C1B8399D8009894FE /* ofxLaserShape.h */ = {isa = PBXFileReference; fileEncoding = 4; lastKnownFileType = sourcecode.c.h; path = ofxLaserShape.h; sourceTree = "<group>"; };
		126306A41E7066CC004FD7D6 /* etherdream.c */ = {isa = PBXFileReference; fileEncoding = 4; lastKnownFileType = sourcecode.c.c; path = etherdream.c; sourceTree = "<group>"; };
		126306A51E7066CC004FD7D6 /* etherdream.h */ = {isa = PBXFileReference; fileEncoding = 4; lastKnownFileType = sourcecode.c.h; path = etherdream.h; sourceTree = "<group>"; };
		126306A61E7066CC004FD7D6 /* EtherdreamDAC.cpp */ = {isa = PBXFileReference; fileEncoding = 4; lastKnownFileType = sourcecode.cpp.cpp; path = EtherdreamDAC.cpp; sourceTree = "<group>"; };
		126306A71E7066CC004FD7D6 /* EtherdreamDAC.h */ = {isa = PBXFileReference; fileEncoding = 4; lastKnownFileType = sourcecode.c.h; path = EtherdreamDAC.h; sourceTree = "<group>"; };
		126306A81E7066CC004FD7D6 /* protocol.h */ = {isa = PBXFileReference; fileEncoding = 4; lastKnownFileType = sourcecode.c.h; path = protocol.h; sourceTree = "<group>"; };
		12A8B02D1CEA4B4100D5F31C /* FlappyBird.cpp */ = {isa = PBXFileReference; fileEncoding = 4; lastKnownFileType = sourcecode.cpp.cpp; path = FlappyBird.cpp; sourceTree = "<group>"; };
		12A8B0311CEB4FC400D5F31C /* Letter.h */ = {isa = PBXFileReference; fileEncoding = 4; lastKnownFileType = sourcecode.c.h; path = Letter.h; sourceTree = "<group>"; };
		12A8B0321CEB4FC400D5F31C /* TextWriter.cpp */ = {isa = PBXFileReference; fileEncoding = 4; lastKnownFileType = sourcecode.cpp.cpp; path = TextWriter.cpp; sourceTree = "<group>"; };
		12A8B0331CEB4FC400D5F31C /* TextWriter.h */ = {isa = PBXFileReference; fileEncoding = 4; lastKnownFileType = sourcecode.c.h; path = TextWriter.h; sourceTree = "<group>"; };
		12A8B0341CEB4FC400D5F31C /* VectorFont.h */ = {isa = PBXFileReference; fileEncoding = 4; lastKnownFileType = sourcecode.c.h; path = VectorFont.h; sourceTree = "<group>"; };
		12A8B03A1CEB5B8400D5F31C /* src_colors.cpp */ = {isa = PBXFileReference; fileEncoding = 4; lastKnownFileType = sourcecode.cpp.cpp; path = src_colors.cpp; sourceTree = "<group>"; };
		12A8B03B1CEB5B8400D5F31C /* svgtiny.cpp */ = {isa = PBXFileReference; fileEncoding = 4; lastKnownFileType = sourcecode.cpp.cpp; path = svgtiny.cpp; sourceTree = "<group>"; };
		12A8B03C1CEB5B8400D5F31C /* svgtiny.h */ = {isa = PBXFileReference; fileEncoding = 4; lastKnownFileType = sourcecode.c.h; path = svgtiny.h; sourceTree = "<group>"; };
		12A8B03D1CEB5B8400D5F31C /* svgtiny_gradient.cpp */ = {isa = PBXFileReference; fileEncoding = 4; lastKnownFileType = sourcecode.cpp.cpp; path = svgtiny_gradient.cpp; sourceTree = "<group>"; };
		12A8B03E1CEB5B8400D5F31C /* svgtiny_internal.h */ = {isa = PBXFileReference; fileEncoding = 4; lastKnownFileType = sourcecode.c.h; path = svgtiny_internal.h; sourceTree = "<group>"; };
		12A8B03F1CEB5B8400D5F31C /* svgtiny_list.cpp */ = {isa = PBXFileReference; fileEncoding = 4; lastKnownFileType = sourcecode.cpp.cpp; path = svgtiny_list.cpp; sourceTree = "<group>"; };
		12A8B0411CEB5B8400D5F31C /* ofxSvg.cpp */ = {isa = PBXFileReference; fileEncoding = 4; lastKnownFileType = sourcecode.cpp.cpp; path = ofxSvg.cpp; sourceTree = "<group>"; };
		12A8B0421CEB5B8400D5F31C /* ofxSvg.h */ = {isa = PBXFileReference; fileEncoding = 4; lastKnownFileType = sourcecode.c.h; path = ofxSvg.h; sourceTree = "<group>"; };
		12C665C71E6483850016DAC6 /* ofxLaserPolyline.cpp */ = {isa = PBXFileReference; fileEncoding = 4; lastKnownFileType = sourcecode.cpp.cpp; path = ofxLaserPolyline.cpp; sourceTree = "<group>"; };
		12D0D18E1B7D217400B254AB /* ofxLaserPoint.h */ = {isa = PBXFileReference; fileEncoding = 4; lastKnownFileType = sourcecode.c.h; path = ofxLaserPoint.h; sourceTree = "<group>"; };
		12FD1B641CFB4BFC00AB622C /* Asteroid.h */ = {isa = PBXFileReference; lastKnownFileType = sourcecode.c.h; path = Asteroid.h; sourceTree = "<group>"; };
		12FD1B651CFB4D1F00AB622C /* Asteroids.cpp */ = {isa = PBXFileReference; fileEncoding = 4; lastKnownFileType = sourcecode.cpp.cpp; path = Asteroids.cpp; sourceTree = "<group>"; };
		12FD1B671CFB4DCA00AB622C /* Bullet.cpp */ = {isa = PBXFileReference; fileEncoding = 4; lastKnownFileType = sourcecode.cpp.cpp; path = Bullet.cpp; sourceTree = "<group>"; };
		12FD1B681CFB4DCA00AB622C /* Bullet.h */ = {isa = PBXFileReference; fileEncoding = 4; lastKnownFileType = sourcecode.c.h; path = Bullet.h; sourceTree = "<group>"; };
		12FD1B6D1CFB4EAF00AB622C /* Asteroid.cpp */ = {isa = PBXFileReference; fileEncoding = 4; lastKnownFileType = sourcecode.cpp.cpp; path = Asteroid.cpp; sourceTree = "<group>"; };
		15F2C6477A769C03A56D1401 /* ofxSlider.cpp */ = {isa = PBXFileReference; explicitFileType = sourcecode.cpp.cpp; fileEncoding = 30; name = ofxSlider.cpp; path = ../../ofxGui/src/ofxSlider.cpp; sourceTree = SOURCE_ROOT; };
		17E65988300FBD9AAA2CD0CA /* ofxGui.h */ = {isa = PBXFileReference; explicitFileType = sourcecode.c.h; fileEncoding = 30; name = ofxGui.h; path = ../../ofxGui/src/ofxGui.h; sourceTree = SOURCE_ROOT; };
		1C0DA2561397A7DE0246858B /* ofxGuiGroup.h */ = {isa = PBXFileReference; explicitFileType = sourcecode.c.h; fileEncoding = 30; name = ofxGuiGroup.h; path = ../../ofxGui/src/ofxGuiGroup.h; sourceTree = SOURCE_ROOT; };
		2834D88A62CD23F3DE2C47D1 /* ofxButton.h */ = {isa = PBXFileReference; explicitFileType = sourcecode.c.h; fileEncoding = 30; name = ofxButton.h; path = ../../ofxGui/src/ofxButton.h; sourceTree = SOURCE_ROOT; };
		2B40EDA85BEB63E46785BC29 /* tinyxml.cpp */ = {isa = PBXFileReference; explicitFileType = sourcecode.cpp.cpp; fileEncoding = 30; name = tinyxml.cpp; path = ../../ofxXmlSettings/libs/tinyxml.cpp; sourceTree = SOURCE_ROOT; };
		50DF87D612C5AAE17AAFA6C0 /* ofxXmlSettings.cpp */ = {isa = PBXFileReference; explicitFileType = sourcecode.cpp.cpp; fileEncoding = 30; name = ofxXmlSettings.cpp; path = ../../ofxXmlSettings/src/ofxXmlSettings.cpp; sourceTree = SOURCE_ROOT; };
		52AFA1F08C420992CAAAE648 /* ofxSlider.h */ = {isa = PBXFileReference; explicitFileType = sourcecode.c.h; fileEncoding = 30; name = ofxSlider.h; path = ../../ofxGui/src/ofxSlider.h; sourceTree = SOURCE_ROOT; };
		78D67A00EB899FAC09430597 /* ofxLabel.cpp */ = {isa = PBXFileReference; explicitFileType = sourcecode.cpp.cpp; fileEncoding = 30; name = ofxLabel.cpp; path = ../../ofxGui/src/ofxLabel.cpp; sourceTree = SOURCE_ROOT; };
		802251BAF1B35B1D67B32FD0 /* ofxSliderGroup.cpp */ = {isa = PBXFileReference; explicitFileType = sourcecode.cpp.cpp; fileEncoding = 30; name = ofxSliderGroup.cpp; path = ../../ofxGui/src/ofxSliderGroup.cpp; sourceTree = SOURCE_ROOT; };
		832BDC407620CDBA568B713D /* tinyxmlerror.cpp */ = {isa = PBXFileReference; explicitFileType = sourcecode.cpp.cpp; fileEncoding = 30; name = tinyxmlerror.cpp; path = ../../ofxXmlSettings/libs/tinyxmlerror.cpp; sourceTree = SOURCE_ROOT; };
		87F26B4B24CBD428AD9EEBAA /* ofxBaseGui.h */ = {isa = PBXFileReference; explicitFileType = sourcecode.c.h; fileEncoding = 30; name = ofxBaseGui.h; path = ../../ofxGui/src/ofxBaseGui.h; sourceTree = SOURCE_ROOT; };
		89449E3044D456F7DE7BEA14 /* ofxPanel.h */ = {isa = PBXFileReference; explicitFileType = sourcecode.c.h; fileEncoding = 30; name = ofxPanel.h; path = ../../ofxGui/src/ofxPanel.h; sourceTree = SOURCE_ROOT; };
		907C5B5E104864A2D3A25745 /* ofxToggle.cpp */ = {isa = PBXFileReference; explicitFileType = sourcecode.cpp.cpp; fileEncoding = 30; name = ofxToggle.cpp; path = ../../ofxGui/src/ofxToggle.cpp; sourceTree = SOURCE_ROOT; };
		9604B925D32EE39065747725 /* ofxBaseGui.cpp */ = {isa = PBXFileReference; explicitFileType = sourcecode.cpp.cpp; fileEncoding = 30; name = ofxBaseGui.cpp; path = ../../ofxGui/src/ofxBaseGui.cpp; sourceTree = SOURCE_ROOT; };
		B21E7E5F548EEA92F368040B /* tinyxml.h */ = {isa = PBXFileReference; explicitFileType = sourcecode.c.h; fileEncoding = 30; name = tinyxml.h; path = ../../ofxXmlSettings/libs/tinyxml.h; sourceTree = SOURCE_ROOT; };
		B87C60311EC1FE841C1ECD89 /* ofxLabel.h */ = {isa = PBXFileReference; explicitFileType = sourcecode.c.h; fileEncoding = 30; name = ofxLabel.h; path = ../../ofxGui/src/ofxLabel.h; sourceTree = SOURCE_ROOT; };
		BBAB23BE13894E4700AA2426 /* GLUT.framework */ = {isa = PBXFileReference; lastKnownFileType = wrapper.framework; name = GLUT.framework; path = ../../../libs/glut/lib/osx/GLUT.framework; sourceTree = "<group>"; };
		C70D8946940288799E82131E /* ofxSliderGroup.h */ = {isa = PBXFileReference; explicitFileType = sourcecode.c.h; fileEncoding = 30; name = ofxSliderGroup.h; path = ../../ofxGui/src/ofxSliderGroup.h; sourceTree = SOURCE_ROOT; };
		C88333E71C9457E441C33474 /* ofxButton.cpp */ = {isa = PBXFileReference; explicitFileType = sourcecode.cpp.cpp; fileEncoding = 30; name = ofxButton.cpp; path = ../../ofxGui/src/ofxButton.cpp; sourceTree = SOURCE_ROOT; };
		E112B3AEBEA2C091BF2B40AE /* ofxPanel.cpp */ = {isa = PBXFileReference; explicitFileType = sourcecode.cpp.cpp; fileEncoding = 30; name = ofxPanel.cpp; path = ../../ofxGui/src/ofxPanel.cpp; sourceTree = SOURCE_ROOT; };
		E4328143138ABC890047C5CB /* openFrameworksLib.xcodeproj */ = {isa = PBXFileReference; lastKnownFileType = "wrapper.pb-project"; name = openFrameworksLib.xcodeproj; path = ../../../libs/openFrameworksCompiled/project/osx/openFrameworksLib.xcodeproj; sourceTree = SOURCE_ROOT; };
		E45BE9710E8CC7DD009D7055 /* AGL.framework */ = {isa = PBXFileReference; lastKnownFileType = wrapper.framework; name = AGL.framework; path = /System/Library/Frameworks/AGL.framework; sourceTree = "<absolute>"; };
		E45BE9720E8CC7DD009D7055 /* ApplicationServices.framework */ = {isa = PBXFileReference; lastKnownFileType = wrapper.framework; name = ApplicationServices.framework; path = /System/Library/Frameworks/ApplicationServices.framework; sourceTree = "<absolute>"; };
		E45BE9730E8CC7DD009D7055 /* AudioToolbox.framework */ = {isa = PBXFileReference; lastKnownFileType = wrapper.framework; name = AudioToolbox.framework; path = /System/Library/Frameworks/AudioToolbox.framework; sourceTree = "<absolute>"; };
		E45BE9750E8CC7DD009D7055 /* CoreAudio.framework */ = {isa = PBXFileReference; lastKnownFileType = wrapper.framework; name = CoreAudio.framework; path = /System/Library/Frameworks/CoreAudio.framework; sourceTree = "<absolute>"; };
		E45BE9760E8CC7DD009D7055 /* CoreFoundation.framework */ = {isa = PBXFileReference; lastKnownFileType = wrapper.framework; name = CoreFoundation.framework; path = /System/Library/Frameworks/CoreFoundation.framework; sourceTree = "<absolute>"; };
		E45BE9770E8CC7DD009D7055 /* CoreServices.framework */ = {isa = PBXFileReference; lastKnownFileType = wrapper.framework; name = CoreServices.framework; path = /System/Library/Frameworks/CoreServices.framework; sourceTree = "<absolute>"; };
		E45BE9790E8CC7DD009D7055 /* OpenGL.framework */ = {isa = PBXFileReference; lastKnownFileType = wrapper.framework; name = OpenGL.framework; path = /System/Library/Frameworks/OpenGL.framework; sourceTree = "<absolute>"; };
		E45BE97A0E8CC7DD009D7055 /* QuickTime.framework */ = {isa = PBXFileReference; lastKnownFileType = wrapper.framework; name = QuickTime.framework; path = /System/Library/Frameworks/QuickTime.framework; sourceTree = "<absolute>"; };
		E4B69B5B0A3A1756003C02F2 /* example_GamesDebug.app */ = {isa = PBXFileReference; explicitFileType = wrapper.application; includeInIndex = 0; path = example_GamesDebug.app; sourceTree = BUILT_PRODUCTS_DIR; };
		E4B69E1D0A3A1BDC003C02F2 /* main.cpp */ = {isa = PBXFileReference; fileEncoding = 30; lastKnownFileType = sourcecode.cpp.cpp; name = main.cpp; path = src/main.cpp; sourceTree = SOURCE_ROOT; };
		E4B69E1E0A3A1BDC003C02F2 /* ofApp.cpp */ = {isa = PBXFileReference; explicitFileType = sourcecode.cpp.cpp; fileEncoding = 30; name = ofApp.cpp; path = src/ofApp.cpp; sourceTree = SOURCE_ROOT; };
		E4B69E1F0A3A1BDC003C02F2 /* ofApp.h */ = {isa = PBXFileReference; fileEncoding = 30; lastKnownFileType = sourcecode.c.h; name = ofApp.h; path = src/ofApp.h; sourceTree = SOURCE_ROOT; };
		E4B6FCAD0C3E899E008CF71C /* openFrameworks-Info.plist */ = {isa = PBXFileReference; fileEncoding = 30; lastKnownFileType = text.plist.xml; path = "openFrameworks-Info.plist"; sourceTree = "<group>"; };
		E4C2424410CC5A17004149E2 /* AppKit.framework */ = {isa = PBXFileReference; lastKnownFileType = wrapper.framework; name = AppKit.framework; path = /System/Library/Frameworks/AppKit.framework; sourceTree = "<absolute>"; };
		E4C2424510CC5A17004149E2 /* Cocoa.framework */ = {isa = PBXFileReference; lastKnownFileType = wrapper.framework; name = Cocoa.framework; path = /System/Library/Frameworks/Cocoa.framework; sourceTree = "<absolute>"; };
		E4C2424610CC5A17004149E2 /* IOKit.framework */ = {isa = PBXFileReference; lastKnownFileType = wrapper.framework; name = IOKit.framework; path = /System/Library/Frameworks/IOKit.framework; sourceTree = "<absolute>"; };
		E4EB691F138AFCF100A09F29 /* CoreOF.xcconfig */ = {isa = PBXFileReference; fileEncoding = 4; lastKnownFileType = text.xcconfig; name = CoreOF.xcconfig; path = ../../../libs/openFrameworksCompiled/project/osx/CoreOF.xcconfig; sourceTree = SOURCE_ROOT; };
		E4EB6923138AFD0F00A09F29 /* Project.xcconfig */ = {isa = PBXFileReference; fileEncoding = 4; lastKnownFileType = text.xcconfig; path = Project.xcconfig; sourceTree = "<group>"; };
		E7E077E415D3B63C0020DFD4 /* CoreVideo.framework */ = {isa = PBXFileReference; lastKnownFileType = wrapper.framework; name = CoreVideo.framework; path = /System/Library/Frameworks/CoreVideo.framework; sourceTree = "<absolute>"; };
		E7E077E715D3B6510020DFD4 /* QTKit.framework */ = {isa = PBXFileReference; lastKnownFileType = wrapper.framework; name = QTKit.framework; path = /System/Library/Frameworks/QTKit.framework; sourceTree = "<absolute>"; };
		E7F985F515E0DE99003869B5 /* Accelerate.framework */ = {isa = PBXFileReference; lastKnownFileType = wrapper.framework; name = Accelerate.framework; path = /System/Library/Frameworks/Accelerate.framework; sourceTree = "<absolute>"; };
		ECF8674C7975F1063C5E30CA /* ofxGuiGroup.cpp */ = {isa = PBXFileReference; explicitFileType = sourcecode.cpp.cpp; fileEncoding = 30; name = ofxGuiGroup.cpp; path = ../../ofxGui/src/ofxGuiGroup.cpp; sourceTree = SOURCE_ROOT; };
		FC5DA1C87211D4F6377DA719 /* tinyxmlparser.cpp */ = {isa = PBXFileReference; explicitFileType = sourcecode.cpp.cpp; fileEncoding = 30; name = tinyxmlparser.cpp; path = ../../ofxXmlSettings/libs/tinyxmlparser.cpp; sourceTree = SOURCE_ROOT; };
/* End PBXFileReference section */

/* Begin PBXFrameworksBuildPhase section */
		E4B69B590A3A1756003C02F2 /* Frameworks */ = {
			isa = PBXFrameworksBuildPhase;
			buildActionMask = 2147483647;
			files = (
				E7F985F815E0DEA3003869B5 /* Accelerate.framework in Frameworks */,
				E7E077E815D3B6510020DFD4 /* QTKit.framework in Frameworks */,
				E4EB6799138ADC1D00A09F29 /* GLUT.framework in Frameworks */,
				E4328149138ABC9F0047C5CB /* openFrameworksDebug.a in Frameworks */,
				E45BE97B0E8CC7DD009D7055 /* AGL.framework in Frameworks */,
				E45BE97C0E8CC7DD009D7055 /* ApplicationServices.framework in Frameworks */,
				E45BE97D0E8CC7DD009D7055 /* AudioToolbox.framework in Frameworks */,
				E45BE97F0E8CC7DD009D7055 /* CoreAudio.framework in Frameworks */,
				E45BE9800E8CC7DD009D7055 /* CoreFoundation.framework in Frameworks */,
				E45BE9810E8CC7DD009D7055 /* CoreServices.framework in Frameworks */,
				E45BE9830E8CC7DD009D7055 /* OpenGL.framework in Frameworks */,
				E45BE9840E8CC7DD009D7055 /* QuickTime.framework in Frameworks */,
				E4C2424710CC5A17004149E2 /* AppKit.framework in Frameworks */,
				E4C2424810CC5A17004149E2 /* Cocoa.framework in Frameworks */,
				1239B5FE1CFB5D0E00818D49 /* opencv.a in Frameworks */,
				E4C2424910CC5A17004149E2 /* IOKit.framework in Frameworks */,
				E7E077E515D3B63C0020DFD4 /* CoreVideo.framework in Frameworks */,
			);
			runOnlyForDeploymentPostprocessing = 0;
		};
/* End PBXFrameworksBuildPhase section */

/* Begin PBXGroup section */
		1239B5831CFB5D0D00818D49 /* ofxOpenCv */ = {
			isa = PBXGroup;
			children = (
				1239B5841CFB5D0D00818D49 /* addon_config.mk */,
				1239B5851CFB5D0D00818D49 /* libs */,
				1239B5EC1CFB5D0E00818D49 /* src */,
			);
			name = ofxOpenCv;
			path = ../../ofxOpenCv;
			sourceTree = "<group>";
		};
		1239B5851CFB5D0D00818D49 /* libs */ = {
			isa = PBXGroup;
			children = (
				1239B5861CFB5D0D00818D49 /* opencv */,
			);
			path = libs;
			sourceTree = "<group>";
		};
		1239B5861CFB5D0D00818D49 /* opencv */ = {
			isa = PBXGroup;
			children = (
				1239B5871CFB5D0D00818D49 /* include */,
				1239B5E91CFB5D0E00818D49 /* lib */,
			);
			path = opencv;
			sourceTree = "<group>";
		};
		1239B5871CFB5D0D00818D49 /* include */ = {
			isa = PBXGroup;
			children = (
				1239B5881CFB5D0D00818D49 /* opencv */,
				1239B5941CFB5D0D00818D49 /* opencv2 */,
			);
			path = include;
			sourceTree = "<group>";
		};
		1239B5881CFB5D0D00818D49 /* opencv */ = {
			isa = PBXGroup;
			children = (
				1239B5891CFB5D0D00818D49 /* cv.h */,
				1239B58A1CFB5D0D00818D49 /* cv.hpp */,
				1239B58B1CFB5D0D00818D49 /* cvaux.h */,
				1239B58C1CFB5D0D00818D49 /* cvaux.hpp */,
				1239B58D1CFB5D0D00818D49 /* cvwimage.h */,
				1239B58E1CFB5D0D00818D49 /* cxcore.h */,
				1239B58F1CFB5D0D00818D49 /* cxcore.hpp */,
				1239B5901CFB5D0D00818D49 /* cxeigen.hpp */,
				1239B5911CFB5D0D00818D49 /* cxmisc.h */,
				1239B5921CFB5D0D00818D49 /* highgui.h */,
				1239B5931CFB5D0D00818D49 /* ml.h */,
			);
			path = opencv;
			sourceTree = "<group>";
		};
		1239B5941CFB5D0D00818D49 /* opencv2 */ = {
			isa = PBXGroup;
			children = (
				1239B5951CFB5D0D00818D49 /* calib3d */,
				1239B5971CFB5D0D00818D49 /* contrib */,
				1239B59A1CFB5D0D00818D49 /* core */,
				1239B5A41CFB5D0D00818D49 /* features2d */,
				1239B5A61CFB5D0D00818D49 /* flann */,
				1239B5CB1CFB5D0D00818D49 /* gpu */,
				1239B5D11CFB5D0D00818D49 /* highgui */,
				1239B5D41CFB5D0D00818D49 /* imgproc */,
				1239B5D81CFB5D0D00818D49 /* legacy */,
				1239B5DD1CFB5D0D00818D49 /* ml */,
				1239B5DF1CFB5D0D00818D49 /* objdetect */,
				1239B5E11CFB5D0D00818D49 /* opencv.hpp */,
				1239B5E21CFB5D0D00818D49 /* ts */,
				1239B5E51CFB5D0E00818D49 /* video */,
			);
			path = opencv2;
			sourceTree = "<group>";
		};
		1239B5951CFB5D0D00818D49 /* calib3d */ = {
			isa = PBXGroup;
			children = (
				1239B5961CFB5D0D00818D49 /* calib3d.hpp */,
			);
			path = calib3d;
			sourceTree = "<group>";
		};
		1239B5971CFB5D0D00818D49 /* contrib */ = {
			isa = PBXGroup;
			children = (
				1239B5981CFB5D0D00818D49 /* contrib.hpp */,
				1239B5991CFB5D0D00818D49 /* retina.hpp */,
			);
			path = contrib;
			sourceTree = "<group>";
		};
		1239B59A1CFB5D0D00818D49 /* core */ = {
			isa = PBXGroup;
			children = (
				1239B59B1CFB5D0D00818D49 /* core.hpp */,
				1239B59C1CFB5D0D00818D49 /* core_c.h */,
				1239B59D1CFB5D0D00818D49 /* eigen.hpp */,
				1239B59E1CFB5D0D00818D49 /* internal.hpp */,
				1239B59F1CFB5D0D00818D49 /* mat.hpp */,
				1239B5A01CFB5D0D00818D49 /* operations.hpp */,
				1239B5A11CFB5D0D00818D49 /* types_c.h */,
				1239B5A21CFB5D0D00818D49 /* version.hpp */,
				1239B5A31CFB5D0D00818D49 /* wimage.hpp */,
			);
			path = core;
			sourceTree = "<group>";
		};
		1239B5A41CFB5D0D00818D49 /* features2d */ = {
			isa = PBXGroup;
			children = (
				1239B5A51CFB5D0D00818D49 /* features2d.hpp */,
			);
			path = features2d;
			sourceTree = "<group>";
		};
		1239B5A61CFB5D0D00818D49 /* flann */ = {
			isa = PBXGroup;
			children = (
				1239B5A71CFB5D0D00818D49 /* all_indices.h */,
				1239B5A81CFB5D0D00818D49 /* allocator.h */,
				1239B5A91CFB5D0D00818D49 /* any.h */,
				1239B5AA1CFB5D0D00818D49 /* autotuned_index.h */,
				1239B5AB1CFB5D0D00818D49 /* composite_index.h */,
				1239B5AC1CFB5D0D00818D49 /* config.h */,
				1239B5AD1CFB5D0D00818D49 /* defines.h */,
				1239B5AE1CFB5D0D00818D49 /* dist.h */,
				1239B5AF1CFB5D0D00818D49 /* dummy.h */,
				1239B5B01CFB5D0D00818D49 /* dynamic_bitset.h */,
				1239B5B11CFB5D0D00818D49 /* flann.hpp */,
				1239B5B21CFB5D0D00818D49 /* flann_base.hpp */,
				1239B5B31CFB5D0D00818D49 /* general.h */,
				1239B5B41CFB5D0D00818D49 /* ground_truth.h */,
				1239B5B51CFB5D0D00818D49 /* hdf5.h */,
				1239B5B61CFB5D0D00818D49 /* heap.h */,
				1239B5B71CFB5D0D00818D49 /* hierarchical_clustering_index.h */,
				1239B5B81CFB5D0D00818D49 /* index_testing.h */,
				1239B5B91CFB5D0D00818D49 /* kdtree_index.h */,
				1239B5BA1CFB5D0D00818D49 /* kdtree_single_index.h */,
				1239B5BB1CFB5D0D00818D49 /* kmeans_index.h */,
				1239B5BC1CFB5D0D00818D49 /* linear_index.h */,
				1239B5BD1CFB5D0D00818D49 /* logger.h */,
				1239B5BE1CFB5D0D00818D49 /* lsh_index.h */,
				1239B5BF1CFB5D0D00818D49 /* lsh_table.h */,
				1239B5C01CFB5D0D00818D49 /* matrix.h */,
				1239B5C11CFB5D0D00818D49 /* miniflann.hpp */,
				1239B5C21CFB5D0D00818D49 /* nn_index.h */,
				1239B5C31CFB5D0D00818D49 /* object_factory.h */,
				1239B5C41CFB5D0D00818D49 /* params.h */,
				1239B5C51CFB5D0D00818D49 /* random.h */,
				1239B5C61CFB5D0D00818D49 /* result_set.h */,
				1239B5C71CFB5D0D00818D49 /* sampling.h */,
				1239B5C81CFB5D0D00818D49 /* saving.h */,
				1239B5C91CFB5D0D00818D49 /* simplex_downhill.h */,
				1239B5CA1CFB5D0D00818D49 /* timer.h */,
			);
			path = flann;
			sourceTree = "<group>";
		};
		1239B5CB1CFB5D0D00818D49 /* gpu */ = {
			isa = PBXGroup;
			children = (
				1239B5CC1CFB5D0D00818D49 /* devmem2d.hpp */,
				1239B5CD1CFB5D0D00818D49 /* gpu.hpp */,
				1239B5CE1CFB5D0D00818D49 /* gpumat.hpp */,
				1239B5CF1CFB5D0D00818D49 /* matrix_operations.hpp */,
				1239B5D01CFB5D0D00818D49 /* stream_accessor.hpp */,
			);
			path = gpu;
			sourceTree = "<group>";
		};
		1239B5D11CFB5D0D00818D49 /* highgui */ = {
			isa = PBXGroup;
			children = (
				1239B5D21CFB5D0D00818D49 /* highgui.hpp */,
				1239B5D31CFB5D0D00818D49 /* highgui_c.h */,
			);
			path = highgui;
			sourceTree = "<group>";
		};
		1239B5D41CFB5D0D00818D49 /* imgproc */ = {
			isa = PBXGroup;
			children = (
				1239B5D51CFB5D0D00818D49 /* imgproc.hpp */,
				1239B5D61CFB5D0D00818D49 /* imgproc_c.h */,
				1239B5D71CFB5D0D00818D49 /* types_c.h */,
			);
			path = imgproc;
			sourceTree = "<group>";
		};
		1239B5D81CFB5D0D00818D49 /* legacy */ = {
			isa = PBXGroup;
			children = (
				1239B5D91CFB5D0D00818D49 /* blobtrack.hpp */,
				1239B5DA1CFB5D0D00818D49 /* compat.hpp */,
				1239B5DB1CFB5D0D00818D49 /* legacy.hpp */,
				1239B5DC1CFB5D0D00818D49 /* streams.hpp */,
			);
			path = legacy;
			sourceTree = "<group>";
		};
		1239B5DD1CFB5D0D00818D49 /* ml */ = {
			isa = PBXGroup;
			children = (
				1239B5DE1CFB5D0D00818D49 /* ml.hpp */,
			);
			path = ml;
			sourceTree = "<group>";
		};
		1239B5DF1CFB5D0D00818D49 /* objdetect */ = {
			isa = PBXGroup;
			children = (
				1239B5E01CFB5D0D00818D49 /* objdetect.hpp */,
			);
			path = objdetect;
			sourceTree = "<group>";
		};
		1239B5E21CFB5D0D00818D49 /* ts */ = {
			isa = PBXGroup;
			children = (
				1239B5E31CFB5D0E00818D49 /* ts.hpp */,
				1239B5E41CFB5D0E00818D49 /* ts_gtest.h */,
			);
			path = ts;
			sourceTree = "<group>";
		};
		1239B5E51CFB5D0E00818D49 /* video */ = {
			isa = PBXGroup;
			children = (
				1239B5E61CFB5D0E00818D49 /* background_segm.hpp */,
				1239B5E71CFB5D0E00818D49 /* tracking.hpp */,
				1239B5E81CFB5D0E00818D49 /* video.hpp */,
			);
			path = video;
			sourceTree = "<group>";
		};
		1239B5E91CFB5D0E00818D49 /* lib */ = {
			isa = PBXGroup;
			children = (
				1239B5EA1CFB5D0E00818D49 /* osx */,
			);
			path = lib;
			sourceTree = "<group>";
		};
		1239B5EA1CFB5D0E00818D49 /* osx */ = {
			isa = PBXGroup;
			children = (
				1239B5EB1CFB5D0E00818D49 /* opencv.a */,
			);
			path = osx;
			sourceTree = "<group>";
		};
		1239B5EC1CFB5D0E00818D49 /* src */ = {
			isa = PBXGroup;
			children = (
				1239B5ED1CFB5D0E00818D49 /* ofxCvBlob.h */,
				1239B5EE1CFB5D0E00818D49 /* ofxCvColorImage.cpp */,
				1239B5EF1CFB5D0E00818D49 /* ofxCvColorImage.h */,
				1239B5F01CFB5D0E00818D49 /* ofxCvConstants.h */,
				1239B5F11CFB5D0E00818D49 /* ofxCvContourFinder.cpp */,
				1239B5F21CFB5D0E00818D49 /* ofxCvContourFinder.h */,
				1239B5F31CFB5D0E00818D49 /* ofxCvFloatImage.cpp */,
				1239B5F41CFB5D0E00818D49 /* ofxCvFloatImage.h */,
				1239B5F51CFB5D0E00818D49 /* ofxCvGrayscaleImage.cpp */,
				1239B5F61CFB5D0E00818D49 /* ofxCvGrayscaleImage.h */,
				1239B5F71CFB5D0E00818D49 /* ofxCvHaarFinder.cpp */,
				1239B5F81CFB5D0E00818D49 /* ofxCvHaarFinder.h */,
				1239B5F91CFB5D0E00818D49 /* ofxCvImage.cpp */,
				1239B5FA1CFB5D0E00818D49 /* ofxCvImage.h */,
				1239B5FB1CFB5D0E00818D49 /* ofxCvShortImage.cpp */,
				1239B5FC1CFB5D0E00818D49 /* ofxCvShortImage.h */,
				1239B5FD1CFB5D0E00818D49 /* ofxOpenCv.h */,
			);
			path = src;
			sourceTree = "<group>";
		};
		126306A31E7066CC004FD7D6 /* etherdream */ = {
			isa = PBXGroup;
			children = (
				126306A41E7066CC004FD7D6 /* etherdream.c */,
				126306A51E7066CC004FD7D6 /* etherdream.h */,
				126306A61E7066CC004FD7D6 /* EtherdreamDAC.cpp */,
				126306A71E7066CC004FD7D6 /* EtherdreamDAC.h */,
				126306A81E7066CC004FD7D6 /* protocol.h */,
			);
			path = etherdream;
			sourceTree = "<group>";
		};
		12A8B0301CEB4FC400D5F31C /* ofxVectorFont */ = {
			isa = PBXGroup;
			children = (
				12A8B0311CEB4FC400D5F31C /* Letter.h */,
				12A8B0321CEB4FC400D5F31C /* TextWriter.cpp */,
				12A8B0331CEB4FC400D5F31C /* TextWriter.h */,
				12A8B0341CEB4FC400D5F31C /* VectorFont.h */,
			);
			name = ofxVectorFont;
			path = ../../ofxVectorFont;
			sourceTree = SOURCE_ROOT;
		};
		12A8B0361CEB5B8400D5F31C /* ofxSvg */ = {
			isa = PBXGroup;
			children = (
				12A8B0371CEB5B8400D5F31C /* libs */,
				12A8B0401CEB5B8400D5F31C /* src */,
			);
			name = ofxSvg;
			path = ../../ofxSvg;
			sourceTree = "<group>";
		};
		12A8B0371CEB5B8400D5F31C /* libs */ = {
			isa = PBXGroup;
			children = (
				12A8B0381CEB5B8400D5F31C /* svgTiny */,
			);
			path = libs;
			sourceTree = "<group>";
		};
		12A8B0381CEB5B8400D5F31C /* svgTiny */ = {
			isa = PBXGroup;
			children = (
				12A8B0391CEB5B8400D5F31C /* src */,
			);
			path = svgTiny;
			sourceTree = "<group>";
		};
		12A8B0391CEB5B8400D5F31C /* src */ = {
			isa = PBXGroup;
			children = (
				12A8B03A1CEB5B8400D5F31C /* src_colors.cpp */,
				12A8B03B1CEB5B8400D5F31C /* svgtiny.cpp */,
				12A8B03C1CEB5B8400D5F31C /* svgtiny.h */,
				12A8B03D1CEB5B8400D5F31C /* svgtiny_gradient.cpp */,
				12A8B03E1CEB5B8400D5F31C /* svgtiny_internal.h */,
				12A8B03F1CEB5B8400D5F31C /* svgtiny_list.cpp */,
			);
			path = src;
			sourceTree = "<group>";
		};
		12A8B0401CEB5B8400D5F31C /* src */ = {
			isa = PBXGroup;
			children = (
				12A8B0411CEB5B8400D5F31C /* ofxSvg.cpp */,
				12A8B0421CEB5B8400D5F31C /* ofxSvg.h */,
			);
			path = src;
			sourceTree = "<group>";
		};
		12F31C3A1B7CCE6600B87E5D /* ofxLaser */ = {
			isa = PBXGroup;
			children = (
				12F31C3B1B7CCE6600B87E5D /* src */,
			);
			name = ofxLaser;
			path = ../../../addons/ofxLaser;
			sourceTree = "<group>";
		};
		12F31C3B1B7CCE6600B87E5D /* src */ = {
			isa = PBXGroup;
			children = (
				126306A31E7066CC004FD7D6 /* etherdream */,
				12C665C71E6483850016DAC6 /* ofxLaserPolyline.cpp */,
				121717CF1B87784E0032DF72 /* ofxIldaPoint.h */,
				124E23661B8399D8009894FE /* ofxLaserCircle.h */,
				124E23671B8399D8009894FE /* ofxLaserDot.h */,
				124E23681B8399D8009894FE /* ofxLaserLine.h */,
				124E23691B8399D8009894FE /* ofxLaserManager.cpp */,
				124E236A1B8399D8009894FE /* ofxLaserManager.h */,
				124E236B1B8399D8009894FE /* ofxLaserPolyline.h */,
				124E236C1B8399D8009894FE /* ofxLaserShape.h */,
				12D0D18E1B7D217400B254AB /* ofxLaserPoint.h */,
				12054BE91B8249AF00083D6B /* ofxLaserQuadWarp.cpp */,
				12054BEA1B8249AF00083D6B /* ofxLaserQuadWarp.h */,
				12054BED1B824A7000083D6B /* ofxLaserDragHandle.h */,
			);
			path = src;
			sourceTree = "<group>";
		};
		12FD1B6B1CFB4E5D00AB622C /* Asteroids */ = {
			isa = PBXGroup;
			children = (
				1216BA861CFB787200C01DC6 /* Ship.cpp */,
				1216BA871CFB787200C01DC6 /* Ship.h */,
				123044ED1CE794870032767F /* Asteroids.h */,
				12FD1B651CFB4D1F00AB622C /* Asteroids.cpp */,
				12FD1B641CFB4BFC00AB622C /* Asteroid.h */,
				12FD1B6D1CFB4EAF00AB622C /* Asteroid.cpp */,
				12FD1B681CFB4DCA00AB622C /* Bullet.h */,
				12FD1B671CFB4DCA00AB622C /* Bullet.cpp */,
			);
			name = Asteroids;
			sourceTree = "<group>";
		};
		12FD1B6C1CFB4E6400AB622C /* FlappyBird */ = {
			isa = PBXGroup;
			children = (
				123044EF1CE906AC0032767F /* FlappyBird.h */,
				12A8B02D1CEA4B4100D5F31C /* FlappyBird.cpp */,
			);
			name = FlappyBird;
			sourceTree = "<group>";
		};
		1F4FB5C423662B96ADFDCC0B /* ofxXmlSettings */ = {
			isa = PBXGroup;
			children = (
				6ECEF0D76BC33727823EADFF /* src */,
				6E54289412D2D94F45A05113 /* libs */,
			);
			name = ofxXmlSettings;
			sourceTree = "<group>";
		};
		480A780D8D0308AE4A368801 /* ofxGui */ = {
			isa = PBXGroup;
			children = (
				A763ED608B35AE3310251DEE /* src */,
			);
			name = ofxGui;
			sourceTree = "<group>";
		};
		6E54289412D2D94F45A05113 /* libs */ = {
			isa = PBXGroup;
			children = (
				2B40EDA85BEB63E46785BC29 /* tinyxml.cpp */,
				B21E7E5F548EEA92F368040B /* tinyxml.h */,
				832BDC407620CDBA568B713D /* tinyxmlerror.cpp */,
				FC5DA1C87211D4F6377DA719 /* tinyxmlparser.cpp */,
			);
			name = libs;
			sourceTree = "<group>";
		};
		6ECEF0D76BC33727823EADFF /* src */ = {
			isa = PBXGroup;
			children = (
				50DF87D612C5AAE17AAFA6C0 /* ofxXmlSettings.cpp */,
				01DCC0911400F9ACF5B65578 /* ofxXmlSettings.h */,
			);
			name = src;
			sourceTree = "<group>";
		};
		A763ED608B35AE3310251DEE /* src */ = {
			isa = PBXGroup;
			children = (
				9604B925D32EE39065747725 /* ofxBaseGui.cpp */,
				87F26B4B24CBD428AD9EEBAA /* ofxBaseGui.h */,
				C88333E71C9457E441C33474 /* ofxButton.cpp */,
				2834D88A62CD23F3DE2C47D1 /* ofxButton.h */,
				17E65988300FBD9AAA2CD0CA /* ofxGui.h */,
				ECF8674C7975F1063C5E30CA /* ofxGuiGroup.cpp */,
				1C0DA2561397A7DE0246858B /* ofxGuiGroup.h */,
				78D67A00EB899FAC09430597 /* ofxLabel.cpp */,
				B87C60311EC1FE841C1ECD89 /* ofxLabel.h */,
				E112B3AEBEA2C091BF2B40AE /* ofxPanel.cpp */,
				89449E3044D456F7DE7BEA14 /* ofxPanel.h */,
				15F2C6477A769C03A56D1401 /* ofxSlider.cpp */,
				52AFA1F08C420992CAAAE648 /* ofxSlider.h */,
				802251BAF1B35B1D67B32FD0 /* ofxSliderGroup.cpp */,
				C70D8946940288799E82131E /* ofxSliderGroup.h */,
				907C5B5E104864A2D3A25745 /* ofxToggle.cpp */,
				0A1DAC09F322AE313A40706D /* ofxToggle.h */,
			);
			name = src;
			sourceTree = "<group>";
		};
		BB4B014C10F69532006C3DED /* addons */ = {
			isa = PBXGroup;
			children = (
				1239B5831CFB5D0D00818D49 /* ofxOpenCv */,
				12A8B0361CEB5B8400D5F31C /* ofxSvg */,
				12A8B0301CEB4FC400D5F31C /* ofxVectorFont */,
				12F31C3A1B7CCE6600B87E5D /* ofxLaser */,
				480A780D8D0308AE4A368801 /* ofxGui */,
				1F4FB5C423662B96ADFDCC0B /* ofxXmlSettings */,
			);
			name = addons;
			sourceTree = "<group>";
		};
		BBAB23C913894ECA00AA2426 /* system frameworks */ = {
			isa = PBXGroup;
			children = (
				E7F985F515E0DE99003869B5 /* Accelerate.framework */,
				E4C2424410CC5A17004149E2 /* AppKit.framework */,
				E4C2424510CC5A17004149E2 /* Cocoa.framework */,
				E4C2424610CC5A17004149E2 /* IOKit.framework */,
				E45BE9710E8CC7DD009D7055 /* AGL.framework */,
				E45BE9720E8CC7DD009D7055 /* ApplicationServices.framework */,
				E45BE9730E8CC7DD009D7055 /* AudioToolbox.framework */,
				E45BE9750E8CC7DD009D7055 /* CoreAudio.framework */,
				E45BE9760E8CC7DD009D7055 /* CoreFoundation.framework */,
				E45BE9770E8CC7DD009D7055 /* CoreServices.framework */,
				E45BE9790E8CC7DD009D7055 /* OpenGL.framework */,
				E45BE97A0E8CC7DD009D7055 /* QuickTime.framework */,
				E7E077E415D3B63C0020DFD4 /* CoreVideo.framework */,
				E7E077E715D3B6510020DFD4 /* QTKit.framework */,
			);
			name = "system frameworks";
			sourceTree = "<group>";
		};
		BBAB23CA13894EDB00AA2426 /* 3rd party frameworks */ = {
			isa = PBXGroup;
			children = (
				BBAB23BE13894E4700AA2426 /* GLUT.framework */,
			);
			name = "3rd party frameworks";
			sourceTree = "<group>";
		};
		E4328144138ABC890047C5CB /* Products */ = {
			isa = PBXGroup;
			children = (
				E4328148138ABC890047C5CB /* openFrameworksDebug.a */,
			);
			name = Products;
			sourceTree = "<group>";
		};
		E45BE5980E8CC70C009D7055 /* frameworks */ = {
			isa = PBXGroup;
			children = (
				BBAB23CA13894EDB00AA2426 /* 3rd party frameworks */,
				BBAB23C913894ECA00AA2426 /* system frameworks */,
			);
			name = frameworks;
			sourceTree = "<group>";
		};
		E4B69B4A0A3A1720003C02F2 = {
			isa = PBXGroup;
			children = (
				E4B6FCAD0C3E899E008CF71C /* openFrameworks-Info.plist */,
				E4EB6923138AFD0F00A09F29 /* Project.xcconfig */,
				E4B69E1C0A3A1BDC003C02F2 /* src */,
				E4EEC9E9138DF44700A80321 /* openFrameworks */,
				BB4B014C10F69532006C3DED /* addons */,
				E45BE5980E8CC70C009D7055 /* frameworks */,
				E4B69B5B0A3A1756003C02F2 /* example_GamesDebug.app */,
			);
			sourceTree = "<group>";
		};
		E4B69E1C0A3A1BDC003C02F2 /* src */ = {
			isa = PBXGroup;
			children = (
				12FD1B6B1CFB4E5D00AB622C /* Asteroids */,
				12FD1B6C1CFB4E6400AB622C /* FlappyBird */,
				E4B69E1D0A3A1BDC003C02F2 /* main.cpp */,
				E4B69E1E0A3A1BDC003C02F2 /* ofApp.cpp */,
				E4B69E1F0A3A1BDC003C02F2 /* ofApp.h */,
			);
			path = src;
			sourceTree = SOURCE_ROOT;
		};
		E4EEC9E9138DF44700A80321 /* openFrameworks */ = {
			isa = PBXGroup;
			children = (
				E4EB691F138AFCF100A09F29 /* CoreOF.xcconfig */,
				E4328143138ABC890047C5CB /* openFrameworksLib.xcodeproj */,
			);
			name = openFrameworks;
			sourceTree = "<group>";
		};
/* End PBXGroup section */

/* Begin PBXNativeTarget section */
		E4B69B5A0A3A1756003C02F2 /* example_Games */ = {
			isa = PBXNativeTarget;
			buildConfigurationList = E4B69B5F0A3A1757003C02F2 /* Build configuration list for PBXNativeTarget "example_Games" */;
			buildPhases = (
				E4B69B580A3A1756003C02F2 /* Sources */,
				E4B69B590A3A1756003C02F2 /* Frameworks */,
				E4B6FFFD0C3F9AB9008CF71C /* ShellScript */,
				E4C2427710CC5ABF004149E2 /* CopyFiles */,
			);
			buildRules = (
			);
			dependencies = (
				E4EEB9AC138B136A00A80321 /* PBXTargetDependency */,
			);
			name = example_Games;
			productName = myOFApp;
			productReference = E4B69B5B0A3A1756003C02F2 /* example_GamesDebug.app */;
			productType = "com.apple.product-type.application";
		};
/* End PBXNativeTarget section */

/* Begin PBXProject section */
		E4B69B4C0A3A1720003C02F2 /* Project object */ = {
			isa = PBXProject;
			attributes = {
				LastUpgradeCheck = 0460;
			};
			buildConfigurationList = E4B69B4D0A3A1720003C02F2 /* Build configuration list for PBXProject "example_Games" */;
			compatibilityVersion = "Xcode 3.2";
			developmentRegion = English;
			hasScannedForEncodings = 0;
			knownRegions = (
				English,
				Japanese,
				French,
				German,
			);
			mainGroup = E4B69B4A0A3A1720003C02F2;
			productRefGroup = E4B69B4A0A3A1720003C02F2;
			projectDirPath = "";
			projectReferences = (
				{
					ProductGroup = E4328144138ABC890047C5CB /* Products */;
					ProjectRef = E4328143138ABC890047C5CB /* openFrameworksLib.xcodeproj */;
				},
			);
			projectRoot = "";
			targets = (
				E4B69B5A0A3A1756003C02F2 /* example_Games */,
			);
		};
/* End PBXProject section */

/* Begin PBXReferenceProxy section */
		E4328148138ABC890047C5CB /* openFrameworksDebug.a */ = {
			isa = PBXReferenceProxy;
			fileType = archive.ar;
			path = openFrameworksDebug.a;
			remoteRef = E4328147138ABC890047C5CB /* PBXContainerItemProxy */;
			sourceTree = BUILT_PRODUCTS_DIR;
		};
/* End PBXReferenceProxy section */

/* Begin PBXShellScriptBuildPhase section */
		E4B6FFFD0C3F9AB9008CF71C /* ShellScript */ = {
			isa = PBXShellScriptBuildPhase;
			buildActionMask = 2147483647;
			files = (
			);
			inputPaths = (
			);
			outputPaths = (
			);
			runOnlyForDeploymentPostprocessing = 0;
			shellPath = /bin/sh;
			shellScript = "cp -f ../../../libs/fmodex/lib/osx/libfmodex.dylib \"$TARGET_BUILD_DIR/$PRODUCT_NAME.app/Contents/MacOS/libfmodex.dylib\"; install_name_tool -change ./libfmodex.dylib @executable_path/libfmodex.dylib \"$TARGET_BUILD_DIR/$PRODUCT_NAME.app/Contents/MacOS/$PRODUCT_NAME\";\nmkdir -p \"$TARGET_BUILD_DIR/$PRODUCT_NAME.app/Contents/Resources/\"\ncp -f \"$ICON_FILE\" \"$TARGET_BUILD_DIR/$PRODUCT_NAME.app/Contents/Resources/\"\n";
		};
/* End PBXShellScriptBuildPhase section */

/* Begin PBXSourcesBuildPhase section */
		E4B69B580A3A1756003C02F2 /* Sources */ = {
			isa = PBXSourcesBuildPhase;
			buildActionMask = 2147483647;
			files = (
				12A8B0441CEB5B8400D5F31C /* svgtiny.cpp in Sources */,
				12A8B0451CEB5B8400D5F31C /* svgtiny_gradient.cpp in Sources */,
				1239B6031CFB5D0E00818D49 /* ofxCvHaarFinder.cpp in Sources */,
				12A8B0471CEB5B8400D5F31C /* ofxSvg.cpp in Sources */,
				1239B6011CFB5D0E00818D49 /* ofxCvFloatImage.cpp in Sources */,
				12FD1B661CFB4D1F00AB622C /* Asteroids.cpp in Sources */,
				E4B69E200A3A1BDC003C02F2 /* main.cpp in Sources */,
				E4B69E210A3A1BDC003C02F2 /* ofApp.cpp in Sources */,
				856AA354D08AB4B323081444 /* ofxBaseGui.cpp in Sources */,
				1239B6051CFB5D0E00818D49 /* ofxCvShortImage.cpp in Sources */,
				1239B6001CFB5D0E00818D49 /* ofxCvContourFinder.cpp in Sources */,
				5CBB2AB3A60F65431D7B555D /* ofxButton.cpp in Sources */,
				B266578FC55D23BFEBC042E7 /* ofxGuiGroup.cpp in Sources */,
				1239B6041CFB5D0E00818D49 /* ofxCvImage.cpp in Sources */,
				126306AA1E7066CC004FD7D6 /* EtherdreamDAC.cpp in Sources */,
				12A8B0351CEB4FC400D5F31C /* TextWriter.cpp in Sources */,
				1216BA881CFB787200C01DC6 /* Ship.cpp in Sources */,
				483908258D00B98B4BE69F07 /* ofxLabel.cpp in Sources */,
				12FD1B6E1CFB4EAF00AB622C /* Asteroid.cpp in Sources */,
				F285EB3169F1566CA3D93C20 /* ofxPanel.cpp in Sources */,
				12C665C81E6483850016DAC6 /* ofxLaserPolyline.cpp in Sources */,
				837220E80EB56CD44AD27F2A /* ofxSlider.cpp in Sources */,
				12A8B0461CEB5B8400D5F31C /* svgtiny_list.cpp in Sources */,
				B56FE57CC35806596D38118C /* ofxSliderGroup.cpp in Sources */,
				1CD33E884D9E3358252E82A1 /* ofxToggle.cpp in Sources */,
				12054BEB1B8249AF00083D6B /* ofxLaserQuadWarp.cpp in Sources */,
				63B57AC5BF4EF088491E0317 /* ofxXmlSettings.cpp in Sources */,
				933A2227713C720CEFF80FD9 /* tinyxml.cpp in Sources */,
				1239B5FF1CFB5D0E00818D49 /* ofxCvColorImage.cpp in Sources */,
				9D44DC88EF9E7991B4A09951 /* tinyxmlerror.cpp in Sources */,
				5A4349E9754D6FA14C0F2A3A /* tinyxmlparser.cpp in Sources */,
				126306A91E7066CC004FD7D6 /* etherdream.c in Sources */,
				1239B6021CFB5D0E00818D49 /* ofxCvGrayscaleImage.cpp in Sources */,
				12A8B02E1CEA4B4100D5F31C /* FlappyBird.cpp in Sources */,
				12FD1B691CFB4DCA00AB622C /* Bullet.cpp in Sources */,
				124E236D1B8399D8009894FE /* ofxLaserManager.cpp in Sources */,
				12A8B0431CEB5B8400D5F31C /* src_colors.cpp in Sources */,
			);
			runOnlyForDeploymentPostprocessing = 0;
		};
/* End PBXSourcesBuildPhase section */

/* Begin PBXTargetDependency section */
		E4EEB9AC138B136A00A80321 /* PBXTargetDependency */ = {
			isa = PBXTargetDependency;
			name = openFrameworks;
			targetProxy = E4EEB9AB138B136A00A80321 /* PBXContainerItemProxy */;
		};
/* End PBXTargetDependency section */

/* Begin XCBuildConfiguration section */
		E4B69B4E0A3A1720003C02F2 /* Debug */ = {
			isa = XCBuildConfiguration;
			baseConfigurationReference = E4EB6923138AFD0F00A09F29 /* Project.xcconfig */;
			buildSettings = {
				ARCHS = "$(NATIVE_ARCH)";
				CONFIGURATION_BUILD_DIR = "$(SRCROOT)/bin/";
				COPY_PHASE_STRIP = NO;
				DEAD_CODE_STRIPPING = YES;
				GCC_AUTO_VECTORIZATION = YES;
				GCC_ENABLE_SSE3_EXTENSIONS = YES;
				GCC_ENABLE_SUPPLEMENTAL_SSE3_INSTRUCTIONS = YES;
				GCC_INLINES_ARE_PRIVATE_EXTERN = NO;
				GCC_OPTIMIZATION_LEVEL = 0;
				GCC_SYMBOLS_PRIVATE_EXTERN = NO;
				GCC_WARN_ABOUT_DEPRECATED_FUNCTIONS = YES;
				GCC_WARN_ABOUT_INVALID_OFFSETOF_MACRO = NO;
				GCC_WARN_ALLOW_INCOMPLETE_PROTOCOL = NO;
				GCC_WARN_UNINITIALIZED_AUTOS = NO;
				GCC_WARN_UNUSED_VALUE = NO;
				GCC_WARN_UNUSED_VARIABLE = NO;
				HEADER_SEARCH_PATHS = (
					"$(OF_CORE_HEADERS)",
					../../../addons/ofxGui/libs,
					../../../addons/ofxGui/src,
					../../../addons/ofxXmlSettings/libs,
					../../../addons/ofxXmlSettings/src,
					../../../addons/ofxEtherdream/libs,
					../../../addons/ofxEtherdream/libs/common,
					../../../addons/ofxEtherdream/libs/driver,
					../../../addons/ofxEtherdream/libs/driver/libetherdream,
					../../../addons/ofxEtherdream/src,
				);
				MACOSX_DEPLOYMENT_TARGET = 10.6;
				OTHER_CPLUSPLUSFLAGS = (
					"-D__MACOSX_CORE__",
					"-lpthread",
					"-mtune=native",
				);
				SDKROOT = macosx;
			};
			name = Debug;
		};
		E4B69B4F0A3A1720003C02F2 /* Release */ = {
			isa = XCBuildConfiguration;
			baseConfigurationReference = E4EB6923138AFD0F00A09F29 /* Project.xcconfig */;
			buildSettings = {
				ARCHS = "$(NATIVE_ARCH)";
				CONFIGURATION_BUILD_DIR = "$(SRCROOT)/bin/";
				COPY_PHASE_STRIP = YES;
				DEAD_CODE_STRIPPING = YES;
				GCC_AUTO_VECTORIZATION = YES;
				GCC_ENABLE_SSE3_EXTENSIONS = YES;
				GCC_ENABLE_SUPPLEMENTAL_SSE3_INSTRUCTIONS = YES;
				GCC_INLINES_ARE_PRIVATE_EXTERN = NO;
				GCC_OPTIMIZATION_LEVEL = 3;
				GCC_SYMBOLS_PRIVATE_EXTERN = NO;
				GCC_UNROLL_LOOPS = YES;
				GCC_WARN_ABOUT_DEPRECATED_FUNCTIONS = YES;
				GCC_WARN_ABOUT_INVALID_OFFSETOF_MACRO = NO;
				GCC_WARN_ALLOW_INCOMPLETE_PROTOCOL = NO;
				GCC_WARN_UNINITIALIZED_AUTOS = NO;
				GCC_WARN_UNUSED_VALUE = NO;
				GCC_WARN_UNUSED_VARIABLE = NO;
				HEADER_SEARCH_PATHS = (
					"$(OF_CORE_HEADERS)",
					../../../addons/ofxGui/libs,
					../../../addons/ofxGui/src,
					../../../addons/ofxXmlSettings/libs,
					../../../addons/ofxXmlSettings/src,
					../../../addons/ofxEtherdream/libs,
					../../../addons/ofxEtherdream/libs/common,
					../../../addons/ofxEtherdream/libs/driver,
					../../../addons/ofxEtherdream/libs/driver/libetherdream,
					../../../addons/ofxEtherdream/src,
				);
				MACOSX_DEPLOYMENT_TARGET = 10.6;
				OTHER_CPLUSPLUSFLAGS = (
					"-D__MACOSX_CORE__",
					"-lpthread",
					"-mtune=native",
				);
				SDKROOT = macosx;
			};
			name = Release;
		};
		E4B69B600A3A1757003C02F2 /* Debug */ = {
			isa = XCBuildConfiguration;
			buildSettings = {
				COMBINE_HIDPI_IMAGES = YES;
				COPY_PHASE_STRIP = NO;
				FRAMEWORK_SEARCH_PATHS = (
					"$(inherited)",
					"$(FRAMEWORK_SEARCH_PATHS_QUOTED_FOR_TARGET_1)",
				);
				FRAMEWORK_SEARCH_PATHS_QUOTED_FOR_TARGET_1 = "\"$(SRCROOT)/../../../libs/glut/lib/osx\"";
				GCC_DYNAMIC_NO_PIC = NO;
				GCC_GENERATE_DEBUGGING_SYMBOLS = YES;
				GCC_MODEL_TUNING = NONE;
				HEADER_SEARCH_PATHS = (
					"$(OF_CORE_HEADERS)",
					../../../addons/ofxGui/libs,
					../../../addons/ofxGui/src,
					../../../addons/ofxXmlSettings/libs,
					../../../addons/ofxXmlSettings/src,
					../../../addons/ofxEtherdream/libs,
					../../../addons/ofxEtherdream/libs/common,
					../../../addons/ofxEtherdream/libs/driver,
					../../../addons/ofxEtherdream/libs/driver/libetherdream,
					../../../addons/ofxEtherdream/src,
				);
				ICON = "$(ICON_NAME_DEBUG)";
				ICON_FILE = "$(ICON_FILE_PATH)$(ICON)";
				INFOPLIST_FILE = "openFrameworks-Info.plist";
				INSTALL_PATH = "$(HOME)/Applications";
				LIBRARY_SEARCH_PATHS = "";
				PRODUCT_NAME = example_GamesDebug;
				USER_HEADER_SEARCH_PATHS = ../../ofxOpenCv/libs/opencv/include/;
				WRAPPER_EXTENSION = app;
			};
			name = Debug;
		};
		E4B69B610A3A1757003C02F2 /* Release */ = {
			isa = XCBuildConfiguration;
			buildSettings = {
				COMBINE_HIDPI_IMAGES = YES;
				COPY_PHASE_STRIP = YES;
				FRAMEWORK_SEARCH_PATHS = (
					"$(inherited)",
					"$(FRAMEWORK_SEARCH_PATHS_QUOTED_FOR_TARGET_1)",
				);
				FRAMEWORK_SEARCH_PATHS_QUOTED_FOR_TARGET_1 = "\"$(SRCROOT)/../../../libs/glut/lib/osx\"";
				GCC_GENERATE_DEBUGGING_SYMBOLS = YES;
				GCC_MODEL_TUNING = NONE;
				HEADER_SEARCH_PATHS = (
					"$(OF_CORE_HEADERS)",
					../../../addons/ofxGui/libs,
					../../../addons/ofxGui/src,
					../../../addons/ofxXmlSettings/libs,
					../../../addons/ofxXmlSettings/src,
					../../../addons/ofxEtherdream/libs,
					../../../addons/ofxEtherdream/libs/common,
					../../../addons/ofxEtherdream/libs/driver,
					../../../addons/ofxEtherdream/libs/driver/libetherdream,
					../../../addons/ofxEtherdream/src,
				);
				ICON = "$(ICON_NAME_RELEASE)";
				ICON_FILE = "$(ICON_FILE_PATH)$(ICON)";
				INFOPLIST_FILE = "openFrameworks-Info.plist";
				INSTALL_PATH = "$(HOME)/Applications";
				LIBRARY_SEARCH_PATHS = "";
				PRODUCT_NAME = example_Games;
				USER_HEADER_SEARCH_PATHS = ../../ofxOpenCv/libs/opencv/include/;
				WRAPPER_EXTENSION = app;
			};
			name = Release;
		};
/* End XCBuildConfiguration section */

/* Begin XCConfigurationList section */
		E4B69B4D0A3A1720003C02F2 /* Build configuration list for PBXProject "example_Games" */ = {
			isa = XCConfigurationList;
			buildConfigurations = (
				E4B69B4E0A3A1720003C02F2 /* Debug */,
				E4B69B4F0A3A1720003C02F2 /* Release */,
			);
			defaultConfigurationIsVisible = 0;
			defaultConfigurationName = Release;
		};
		E4B69B5F0A3A1757003C02F2 /* Build configuration list for PBXNativeTarget "example_Games" */ = {
			isa = XCConfigurationList;
			buildConfigurations = (
				E4B69B600A3A1757003C02F2 /* Debug */,
				E4B69B610A3A1757003C02F2 /* Release */,
			);
			defaultConfigurationIsVisible = 0;
			defaultConfigurationName = Release;
		};
/* End XCConfigurationList section */
	};
	rootObject = E4B69B4C0A3A1720003C02F2 /* Project object */;
}
